{
  "version": 4,
  "terraform_version": "1.2.7",
  "serial": 171,
  "lineage": "1b39e9b4-ac06-f77a-1dac-544cb3f7bfa8",
  "outputs": {
    "Ansible_IP": {
      "value": "10.0.4.74",
      "type": "string"
    },
    "Load_Balancer_dns": {
      "value": "PAADEU2-Jenkins-LB-1275103755.eu-west-2.elb.amazonaws.com",
      "type": "string"
    },
    "PAADEU2_bastion_host": {
      "value": "3.9.18.167",
      "type": "string"
    },
    "PAADEU2_dockerserver": {
      "value": "10.0.2.40",
      "type": "string"
    },
    "PAADEU2_jenkins_server": {
      "value": "10.0.2.59",
      "type": "string"
    },
    "docker_server_lb": {
      "value": "PAADEU2-Docker-LB-1981328794.eu-west-2.elb.amazonaws.com",
      "type": "string"
    },
    "sonarqube_server": {
      "value": "10.0.2.43",
      "type": "string"
    },
    "sonarqube_server_lb": {
      "value": "PAADEU2-LB-1173760763.eu-west-2.elb.amazonaws.com",
      "type": "string"
    }
  },
  "resources": [
    {
      "mode": "data",
      "type": "aws_iam_policy_document",
      "name": "PAADEU2-Ansi-policydoc",
      "provider": "provider[\"registry.terraform.io/hashicorp/aws\"]",
      "instances": [
        {
          "schema_version": 0,
          "attributes": {
            "id": "1410052650",
            "json": "{\n  \"Version\": \"2012-10-17\",\n  \"Statement\": [\n    {\n      \"Sid\": \"\",\n      \"Effect\": \"Allow\",\n      \"Action\": [\n        \"ec2:DescribeTags*\",\n        \"ec2:Describe*\",\n        \"autoscaling:Describe*\"\n      ],\n      \"Resource\": \"*\"\n    }\n  ]\n}",
            "override_json": null,
            "override_policy_documents": null,
            "policy_id": null,
            "source_json": null,
            "source_policy_documents": null,
            "statement": [
              {
                "actions": [
                  "autoscaling:Describe*",
                  "ec2:Describe*",
                  "ec2:DescribeTags*"
                ],
                "condition": [],
                "effect": "Allow",
                "not_actions": [],
                "not_principals": [],
                "not_resources": [],
                "principals": [],
                "resources": [
                  "*"
                ],
                "sid": ""
              }
            ],
            "version": "2012-10-17"
          },
          "sensitive_attributes": []
        }
      ]
    },
    {
      "mode": "data",
      "type": "aws_iam_policy_document",
      "name": "PAADEU2-Ansi-policydoc-role",
      "provider": "provider[\"registry.terraform.io/hashicorp/aws\"]",
      "instances": [
        {
          "schema_version": 0,
          "attributes": {
            "id": "1903849331",
            "json": "{\n  \"Version\": \"2012-10-17\",\n  \"Statement\": [\n    {\n      \"Sid\": \"\",\n      \"Effect\": \"Allow\",\n      \"Action\": \"sts:AssumeRole\",\n      \"Principal\": {\n        \"Service\": \"ec2.amazonaws.com\"\n      }\n    }\n  ]\n}",
            "override_json": null,
            "override_policy_documents": null,
            "policy_id": null,
            "source_json": null,
            "source_policy_documents": null,
            "statement": [
              {
                "actions": [
                  "sts:AssumeRole"
                ],
                "condition": [],
                "effect": "Allow",
                "not_actions": [],
                "not_principals": [],
                "not_resources": [],
                "principals": [
                  {
                    "identifiers": [
                      "ec2.amazonaws.com"
                    ],
                    "type": "Service"
                  }
                ],
                "resources": [],
                "sid": ""
              }
            ],
            "version": "2012-10-17"
          },
          "sensitive_attributes": []
        }
      ]
    },
    {
      "mode": "data",
      "type": "aws_instance",
      "name": "Docker_IP_address",
      "provider": "provider[\"registry.terraform.io/hashicorp/aws\"]",
      "instances": [
        {
          "schema_version": 0,
          "attributes": {
            "ami": "ami-035c5dc086849b5de",
            "arn": "arn:aws:ec2:eu-west-2:803077056902:instance/i-02c0ded3fa026bc72",
            "associate_public_ip_address": false,
            "availability_zone": "eu-west-2a",
            "credit_specification": [
              {
                "cpu_credits": "standard"
              }
            ],
            "disable_api_stop": false,
            "disable_api_termination": false,
            "ebs_block_device": [],
            "ebs_optimized": false,
            "enclave_options": [
              {
                "enabled": false
              }
            ],
            "ephemeral_block_device": [],
            "filter": [
              {
                "name": "tag:Name",
                "values": [
                  "PAADEU2_docker_server"
                ]
              }
            ],
            "get_password_data": false,
            "get_user_data": false,
            "host_id": null,
            "host_resource_group_arn": null,
            "iam_instance_profile": "",
            "id": "i-02c0ded3fa026bc72",
            "instance_id": null,
            "instance_state": "running",
            "instance_tags": null,
            "instance_type": "t2.medium",
            "ipv6_addresses": [],
            "key_name": "PAADEU2_pub_key",
            "maintenance_options": [
              {
                "auto_recovery": "default"
              }
            ],
            "metadata_options": [
              {
                "http_endpoint": "enabled",
                "http_put_response_hop_limit": 1,
                "http_tokens": "optional",
                "instance_metadata_tags": "disabled"
              }
            ],
            "monitoring": false,
            "network_interface_id": "eni-0824e29024748411e",
            "outpost_arn": "",
            "password_data": null,
            "placement_group": "",
            "placement_partition_number": null,
            "private_dns": "ip-10-0-2-40.eu-west-2.compute.internal",
            "private_dns_name_options": [
              {
                "enable_resource_name_dns_a_record": false,
                "enable_resource_name_dns_aaaa_record": false,
                "hostname_type": "ip-name"
              }
            ],
            "private_ip": "10.0.2.40",
            "public_dns": "",
            "public_ip": "",
            "root_block_device": [
              {
                "delete_on_termination": true,
                "device_name": "/dev/sda1",
                "encrypted": false,
                "iops": 100,
                "kms_key_id": "",
                "tags": {},
                "throughput": 0,
                "volume_id": "vol-0186a338112b810c8",
                "volume_size": 10,
                "volume_type": "gp2"
              }
            ],
            "secondary_private_ips": [],
            "security_groups": [],
            "source_dest_check": true,
            "subnet_id": "subnet-016d882a0078ddf81",
            "tags": {
              "Name": "PAADEU2_docker_server"
            },
            "tenancy": "default",
            "timeouts": null,
            "user_data": "a17a7ad03503ea46695dce96a417d548def45ebe",
            "user_data_base64": null,
            "vpc_security_group_ids": [
              "sg-01a625bd89ee7d4b5"
            ]
          },
          "sensitive_attributes": []
        }
      ]
    },
    {
      "mode": "managed",
      "type": "aws_ami_from_instance",
      "name": "PPADEU2-docker-ami",
      "provider": "provider[\"registry.terraform.io/hashicorp/aws\"]",
      "instances": [
        {
          "schema_version": 0,
          "attributes": {
            "architecture": "x86_64",
            "arn": "arn:aws:ec2:eu-west-2::image/ami-08a27d9c152b3b463",
            "boot_mode": "",
            "deprecation_time": "",
            "description": "",
            "ebs_block_device": [
              {
                "delete_on_termination": true,
                "device_name": "/dev/sda1",
                "encrypted": false,
                "iops": 0,
                "outpost_arn": "",
                "snapshot_id": "snap-0ba2858c30487f2b3",
                "throughput": 0,
                "volume_size": 10,
                "volume_type": "gp2"
              }
            ],
            "ena_support": true,
            "ephemeral_block_device": [],
            "hypervisor": "xen",
            "id": "ami-08a27d9c152b3b463",
            "image_location": "803077056902/PPADEU2-docker-ami",
            "image_owner_alias": "",
            "image_type": "machine",
            "imds_support": "",
            "kernel_id": "",
            "manage_ebs_snapshots": true,
            "name": "PPADEU2-docker-ami",
            "owner_id": "803077056902",
            "platform": "",
            "platform_details": "Red Hat Enterprise Linux",
            "public": false,
            "ramdisk_id": "",
            "root_device_name": "/dev/sda1",
            "root_snapshot_id": "snap-0ba2858c30487f2b3",
            "snapshot_without_reboot": null,
            "source_instance_id": "i-02c0ded3fa026bc72",
            "sriov_net_support": "simple",
            "tags": {},
            "tags_all": {},
            "timeouts": null,
            "tpm_support": "",
            "usage_operation": "RunInstances:0010",
            "virtualization_type": "hvm"
          },
          "sensitive_attributes": [],
          "private": "eyJlMmJmYjczMC1lY2FhLTExZTYtOGY4OC0zNDM2M2JjN2M0YzAiOnsiY3JlYXRlIjoyNDAwMDAwMDAwMDAwLCJkZWxldGUiOjU0MDAwMDAwMDAwMDAsInVwZGF0ZSI6MjQwMDAwMDAwMDAwMH19",
          "dependencies": [
            "aws_instance.PAADEU2_docker_server",
            "aws_key_pair.PAADEU2_pub_key",
            "aws_security_group.docker_sg",
            "aws_subnet.SnPri1",
            "aws_vpc.PAADEU2_vpc",
            "tls_private_key.PAADEU2_key"
          ]
        }
      ]
    },
    {
      "mode": "managed",
      "type": "aws_autoscaling_group",
      "name": "PAADEU2_ASG",
      "provider": "provider[\"registry.terraform.io/hashicorp/aws\"]",
      "instances": [
        {
          "schema_version": 0,
          "attributes": {
            "arn": "arn:aws:autoscaling:eu-west-2:803077056902:autoScalingGroup:9fc9687f-82b7-4e18-b5c5-da9b26f66dea:autoScalingGroupName/PAADEU2_ASG",
            "availability_zones": [
              "eu-west-2a",
              "eu-west-2b"
            ],
            "capacity_rebalance": false,
            "context": "",
            "default_cooldown": 300,
            "default_instance_warmup": 0,
            "desired_capacity": 2,
            "enabled_metrics": [],
            "force_delete": true,
            "force_delete_warm_pool": false,
            "health_check_grace_period": 300,
            "health_check_type": "EC2",
            "id": "PAADEU2_ASG",
            "initial_lifecycle_hook": [],
            "instance_refresh": [],
            "launch_configuration": "PAADEU2-lc2022110822414022610000000a",
            "launch_template": [],
            "load_balancers": [],
            "max_instance_lifetime": 0,
            "max_size": 3,
            "metrics_granularity": "1Minute",
            "min_elb_capacity": null,
            "min_size": 2,
            "mixed_instances_policy": [],
            "name": "PAADEU2_ASG",
            "name_prefix": "",
            "placement_group": "",
            "protect_from_scale_in": false,
            "service_linked_role_arn": "arn:aws:iam::803077056902:role/aws-service-role/autoscaling.amazonaws.com/AWSServiceRoleForAutoScaling",
            "suspended_processes": [],
            "tag": [
              {
                "key": "Name",
                "propagate_at_launch": true,
                "value": "PAADEU2_ASG"
              }
            ],
            "tags": null,
            "target_group_arns": [
              "arn:aws:elasticloadbalancing:eu-west-2:803077056902:targetgroup/PAADEU2-AutoDisc-lb-tg/4ef07163c1e813c2"
            ],
            "termination_policies": [],
            "timeouts": null,
            "vpc_zone_identifier": [
              "subnet-016d882a0078ddf81",
              "subnet-0a9b526d55c00f6cd"
            ],
            "wait_for_capacity_timeout": "10m",
            "wait_for_elb_capacity": null,
            "warm_pool": []
          },
          "sensitive_attributes": [],
          "private": "eyJlMmJmYjczMC1lY2FhLTExZTYtOGY4OC0zNDM2M2JjN2M0YzAiOnsiZGVsZXRlIjo2MDAwMDAwMDAwMDAsInVwZGF0ZSI6NjAwMDAwMDAwMDAwfX0=",
          "dependencies": [
            "aws_ami_from_instance.PPADEU2-docker-ami",
            "aws_instance.PAADEU2_docker_server",
            "aws_key_pair.PAADEU2_pub_key",
            "aws_launch_configuration.PAADEU2-lc",
            "aws_lb_target_group.PAADEU2-AutoDisc-lb-tg",
            "aws_security_group.docker_sg",
            "aws_subnet.SnPri1",
            "aws_subnet.SnPri2",
            "aws_vpc.PAADEU2_vpc",
            "tls_private_key.PAADEU2_key"
          ]
        }
      ]
    },
    {
      "mode": "managed",
      "type": "aws_autoscaling_policy",
      "name": "PAADEU2_ASG-pol",
      "provider": "provider[\"registry.terraform.io/hashicorp/aws\"]",
      "instances": [
        {
          "schema_version": 0,
          "attributes": {
            "adjustment_type": "",
            "arn": "arn:aws:autoscaling:eu-west-2:803077056902:scalingPolicy:e0ddabc2-1d4a-4aa8-975f-6b4bf94d9914:autoScalingGroupName/PAADEU2_ASG:policyName/PAADEU2_ASG-pol",
            "autoscaling_group_name": "PAADEU2_ASG",
            "cooldown": 0,
            "enabled": true,
            "estimated_instance_warmup": 0,
            "id": "PAADEU2_ASG-pol",
            "metric_aggregation_type": "",
            "min_adjustment_magnitude": null,
            "name": "PAADEU2_ASG-pol",
            "policy_type": "TargetTrackingScaling",
            "predictive_scaling_configuration": [],
            "scaling_adjustment": 0,
            "step_adjustment": [],
            "target_tracking_configuration": [
              {
                "customized_metric_specification": [],
                "disable_scale_in": false,
                "predefined_metric_specification": [
                  {
                    "predefined_metric_type": "ASGAverageCPUUtilization",
                    "resource_label": ""
                  }
                ],
                "target_value": 40
              }
            ]
          },
          "sensitive_attributes": [],
          "private": "bnVsbA==",
          "dependencies": [
            "aws_autoscaling_group.PAADEU2_ASG"
          ]
        }
      ]
    },
    {
      "mode": "managed",
      "type": "aws_eip",
      "name": "PAADEU2_eip",
      "provider": "provider[\"registry.terraform.io/hashicorp/aws\"]",
      "instances": [
        {
          "schema_version": 0,
          "attributes": {
            "address": null,
            "allocation_id": "eipalloc-0c02023992a785470",
            "associate_with_private_ip": null,
            "association_id": "eipassoc-0da8318ba728dc8b3",
            "carrier_ip": "",
            "customer_owned_ip": "",
            "customer_owned_ipv4_pool": "",
            "domain": "vpc",
            "id": "eipalloc-0c02023992a785470",
            "instance": "",
            "network_border_group": "eu-west-2",
            "network_interface": "eni-0648dbc688c7e438b",
            "private_dns": "ip-10-0-1-103.eu-west-2.compute.internal",
            "private_ip": "10.0.1.103",
            "public_dns": "ec2-18-133-49-0.eu-west-2.compute.amazonaws.com",
            "public_ip": "18.133.49.0",
            "public_ipv4_pool": "amazon",
            "tags": {
              "Name": "PAADEU2_eip"
            },
            "tags_all": {
              "Name": "PAADEU2_eip"
            },
            "timeouts": null,
            "vpc": true
          },
          "sensitive_attributes": [],
          "private": "eyJlMmJmYjczMC1lY2FhLTExZTYtOGY4OC0zNDM2M2JjN2M0YzAiOnsiZGVsZXRlIjoxODAwMDAwMDAwMDAsInJlYWQiOjkwMDAwMDAwMDAwMCwidXBkYXRlIjozMDAwMDAwMDAwMDB9fQ==",
          "dependencies": [
            "aws_internet_gateway.igw",
            "aws_vpc.PAADEU2_vpc"
          ]
        }
      ]
    },
    {
      "mode": "managed",
      "type": "aws_iam_instance_profile",
      "name": "PAADEU2-Ansi-IAM-profile",
      "provider": "provider[\"registry.terraform.io/hashicorp/aws\"]",
      "instances": [
        {
          "schema_version": 0,
          "attributes": {
            "arn": "arn:aws:iam::803077056902:instance-profile/PAADEU2-Ansible-Node-profile",
            "create_date": "2022-11-08T22:38:01Z",
            "id": "PAADEU2-Ansible-Node-profile",
            "name": "PAADEU2-Ansible-Node-profile",
            "name_prefix": null,
            "path": "/",
            "role": "PAADEU2-Ansi-aws-role",
            "tags": {},
            "tags_all": {},
            "unique_id": "AIPA3V6Y7NGDCROXLXWJW"
          },
          "sensitive_attributes": [],
          "private": "bnVsbA==",
          "dependencies": [
            "aws_iam_role.PAADEU2-Ansi-role",
            "data.aws_iam_policy_document.PAADEU2-Ansi-policydoc-role"
          ]
        }
      ]
    },
    {
      "mode": "managed",
      "type": "aws_iam_policy",
      "name": "PAADEU2-Ansi-policy",
      "provider": "provider[\"registry.terraform.io/hashicorp/aws\"]",
      "instances": [
        {
          "schema_version": 0,
          "attributes": {
            "arn": "arn:aws:iam::803077056902:policy/PAADEU2-policy-aws-cli",
            "description": "",
            "id": "arn:aws:iam::803077056902:policy/PAADEU2-policy-aws-cli",
            "name": "PAADEU2-policy-aws-cli",
            "name_prefix": null,
            "path": "/",
            "policy": "{\"Statement\":[{\"Action\":[\"ec2:DescribeTags*\",\"ec2:Describe*\",\"autoscaling:Describe*\"],\"Effect\":\"Allow\",\"Resource\":\"*\",\"Sid\":\"\"}],\"Version\":\"2012-10-17\"}",
            "policy_id": "ANPA3V6Y7NGDNY3MV6A3V",
            "tags": {},
            "tags_all": {}
          },
          "sensitive_attributes": [],
          "private": "bnVsbA==",
          "dependencies": [
            "data.aws_iam_policy_document.PAADEU2-Ansi-policydoc"
          ]
        }
      ]
    },
    {
      "mode": "managed",
      "type": "aws_iam_role",
      "name": "PAADEU2-Ansi-role",
      "provider": "provider[\"registry.terraform.io/hashicorp/aws\"]",
      "instances": [
        {
          "schema_version": 0,
          "attributes": {
            "arn": "arn:aws:iam::803077056902:role/PAADEU2-Ansi-aws-role",
            "assume_role_policy": "{\"Statement\":[{\"Action\":\"sts:AssumeRole\",\"Effect\":\"Allow\",\"Principal\":{\"Service\":\"ec2.amazonaws.com\"},\"Sid\":\"\"}],\"Version\":\"2012-10-17\"}",
            "create_date": "2022-11-08T22:37:59Z",
            "description": "",
            "force_detach_policies": false,
            "id": "PAADEU2-Ansi-aws-role",
            "inline_policy": [],
            "managed_policy_arns": [
              "arn:aws:iam::803077056902:policy/PAADEU2-policy-aws-cli"
            ],
            "max_session_duration": 3600,
            "name": "PAADEU2-Ansi-aws-role",
            "name_prefix": "",
            "path": "/",
            "permissions_boundary": null,
            "tags": {},
            "tags_all": {},
            "unique_id": "AROA3V6Y7NGDP6Z23YOYR"
          },
          "sensitive_attributes": [],
          "private": "bnVsbA==",
          "dependencies": [
            "data.aws_iam_policy_document.PAADEU2-Ansi-policydoc-role"
          ]
        }
      ]
    },
    {
      "mode": "managed",
      "type": "aws_iam_role_policy_attachment",
      "name": "PAADEU2-policy-role-attach",
      "provider": "provider[\"registry.terraform.io/hashicorp/aws\"]",
      "instances": [
        {
          "schema_version": 0,
          "attributes": {
            "id": "PAADEU2-Ansi-aws-role-20221108223801600400000001",
            "policy_arn": "arn:aws:iam::803077056902:policy/PAADEU2-policy-aws-cli",
            "role": "PAADEU2-Ansi-aws-role"
          },
          "sensitive_attributes": [],
          "private": "bnVsbA==",
          "dependencies": [
            "aws_iam_policy.PAADEU2-Ansi-policy",
            "aws_iam_role.PAADEU2-Ansi-role",
            "data.aws_iam_policy_document.PAADEU2-Ansi-policydoc",
            "data.aws_iam_policy_document.PAADEU2-Ansi-policydoc-role"
          ]
        }
      ]
    },
    {
      "mode": "managed",
      "type": "aws_instance",
      "name": "PAADEU2_ansible_node",
      "provider": "provider[\"registry.terraform.io/hashicorp/aws\"]",
      "instances": [
        {
          "schema_version": 1,
          "attributes": {
            "ami": "ami-035c5dc086849b5de",
            "arn": "arn:aws:ec2:eu-west-2:803077056902:instance/i-05d8d31477d8b416c",
            "associate_public_ip_address": false,
            "availability_zone": "eu-west-2b",
            "capacity_reservation_specification": [
              {
                "capacity_reservation_preference": "open",
                "capacity_reservation_target": []
              }
            ],
            "cpu_core_count": 2,
            "cpu_threads_per_core": 1,
            "credit_specification": [
              {
                "cpu_credits": "standard"
              }
            ],
            "disable_api_stop": false,
            "disable_api_termination": false,
            "ebs_block_device": [],
            "ebs_optimized": false,
            "enclave_options": [
              {
                "enabled": false
              }
            ],
            "ephemeral_block_device": [],
            "get_password_data": false,
            "hibernation": false,
            "host_id": null,
            "host_resource_group_arn": null,
            "iam_instance_profile": "PAADEU2-Ansible-Node-profile",
            "id": "i-05d8d31477d8b416c",
            "instance_initiated_shutdown_behavior": "stop",
            "instance_state": "running",
            "instance_type": "t2.medium",
            "ipv6_address_count": 0,
            "ipv6_addresses": [],
            "key_name": "PAADEU2_pub_key",
            "launch_template": [],
            "maintenance_options": [
              {
                "auto_recovery": "default"
              }
            ],
            "metadata_options": [
              {
                "http_endpoint": "enabled",
                "http_put_response_hop_limit": 1,
                "http_tokens": "optional",
                "instance_metadata_tags": "disabled"
              }
            ],
            "monitoring": false,
            "network_interface": [],
            "outpost_arn": "",
            "password_data": "",
            "placement_group": "",
            "placement_partition_number": null,
            "primary_network_interface_id": "eni-0d54e8b8b06dd55f3",
            "private_dns": "ip-10-0-4-74.eu-west-2.compute.internal",
            "private_dns_name_options": [
              {
                "enable_resource_name_dns_a_record": false,
                "enable_resource_name_dns_aaaa_record": false,
                "hostname_type": "ip-name"
              }
            ],
            "private_ip": "10.0.4.74",
            "public_dns": "",
            "public_ip": "",
            "root_block_device": [
              {
                "delete_on_termination": true,
                "device_name": "/dev/sda1",
                "encrypted": false,
                "iops": 100,
                "kms_key_id": "",
                "tags": {},
                "throughput": 0,
                "volume_id": "vol-05a23b253ed24544c",
                "volume_size": 10,
                "volume_type": "gp2"
              }
            ],
            "secondary_private_ips": [],
            "security_groups": [],
            "source_dest_check": true,
            "subnet_id": "subnet-0a9b526d55c00f6cd",
            "tags": {
              "Name": "PAADEU2_ansible_node"
            },
            "tags_all": {
              "Name": "PAADEU2_ansible_node"
            },
            "tenancy": "default",
            "timeouts": null,
            "user_data": "9c8bd39241b04ed7dee617c044fc344a6387c9a9",
            "user_data_base64": null,
            "user_data_replace_on_change": false,
            "volume_tags": null,
            "vpc_security_group_ids": [
              "sg-003be48c73922856e"
            ]
          },
          "sensitive_attributes": [
            [
              {
                "type": "get_attr",
                "value": "user_data"
              }
            ]
          ],
          "private": "eyJlMmJmYjczMC1lY2FhLTExZTYtOGY4OC0zNDM2M2JjN2M0YzAiOnsiY3JlYXRlIjo2MDAwMDAwMDAwMDAsImRlbGV0ZSI6MTIwMDAwMDAwMDAwMCwidXBkYXRlIjo2MDAwMDAwMDAwMDB9LCJzY2hlbWFfdmVyc2lvbiI6IjEifQ==",
          "dependencies": [
            "aws_iam_instance_profile.PAADEU2-Ansi-IAM-profile",
            "aws_key_pair.PAADEU2_pub_key",
            "aws_security_group.ansible_sg",
            "aws_subnet.SnPri2",
            "data.aws_instance.Docker_IP_address",
            "tls_private_key.PAADEU2_key"
          ]
        }
      ]
    },
    {
      "mode": "managed",
      "type": "aws_instance",
      "name": "PAADEU2_bastion_host",
      "provider": "provider[\"registry.terraform.io/hashicorp/aws\"]",
      "instances": [
        {
          "schema_version": 1,
          "attributes": {
            "ami": "ami-035c5dc086849b5de",
            "arn": "arn:aws:ec2:eu-west-2:803077056902:instance/i-0d876d12fe1c7b046",
            "associate_public_ip_address": true,
            "availability_zone": "eu-west-2b",
            "capacity_reservation_specification": [
              {
                "capacity_reservation_preference": "open",
                "capacity_reservation_target": []
              }
            ],
            "cpu_core_count": 2,
            "cpu_threads_per_core": 1,
            "credit_specification": [
              {
                "cpu_credits": "standard"
              }
            ],
            "disable_api_stop": false,
            "disable_api_termination": false,
            "ebs_block_device": [],
            "ebs_optimized": false,
            "enclave_options": [
              {
                "enabled": false
              }
            ],
            "ephemeral_block_device": [],
            "get_password_data": false,
            "hibernation": false,
            "host_id": null,
            "host_resource_group_arn": null,
            "iam_instance_profile": "",
            "id": "i-0d876d12fe1c7b046",
            "instance_initiated_shutdown_behavior": "stop",
            "instance_state": "running",
            "instance_type": "t2.medium",
            "ipv6_address_count": 0,
            "ipv6_addresses": [],
            "key_name": "PAADEU2_pub_key",
            "launch_template": [],
            "maintenance_options": [
              {
                "auto_recovery": "default"
              }
            ],
            "metadata_options": [
              {
                "http_endpoint": "enabled",
                "http_put_response_hop_limit": 1,
                "http_tokens": "optional",
                "instance_metadata_tags": "disabled"
              }
            ],
            "monitoring": false,
            "network_interface": [],
            "outpost_arn": "",
            "password_data": "",
            "placement_group": "",
            "placement_partition_number": null,
            "primary_network_interface_id": "eni-0a3dd14df455610ee",
            "private_dns": "ip-10-0-1-225.eu-west-2.compute.internal",
            "private_dns_name_options": [
              {
                "enable_resource_name_dns_a_record": false,
                "enable_resource_name_dns_aaaa_record": false,
                "hostname_type": "ip-name"
              }
            ],
            "private_ip": "10.0.1.225",
            "public_dns": "",
            "public_ip": "3.9.18.167",
            "root_block_device": [
              {
                "delete_on_termination": true,
                "device_name": "/dev/sda1",
                "encrypted": false,
                "iops": 100,
                "kms_key_id": "",
                "tags": {},
                "throughput": 0,
                "volume_id": "vol-007a13e5dd406ae5a",
                "volume_size": 10,
                "volume_type": "gp2"
              }
            ],
            "secondary_private_ips": [],
            "security_groups": [],
            "source_dest_check": true,
            "subnet_id": "subnet-0bcbb39897b8307ff",
            "tags": {
              "Name": "PAADEU2_bastion_host"
            },
            "tags_all": {
              "Name": "PAADEU2_bastion_host"
            },
            "tenancy": "default",
            "timeouts": null,
            "user_data": "1416eae4a37f1ae0f34d4fd83e7117a5c37a0e2e",
            "user_data_base64": null,
            "user_data_replace_on_change": false,
            "volume_tags": null,
            "vpc_security_group_ids": [
              "sg-0452cf2c635c2b6c7"
            ]
          },
          "sensitive_attributes": [
            [
              {
                "type": "get_attr",
                "value": "user_data"
              }
            ]
          ],
          "private": "eyJlMmJmYjczMC1lY2FhLTExZTYtOGY4OC0zNDM2M2JjN2M0YzAiOnsiY3JlYXRlIjo2MDAwMDAwMDAwMDAsImRlbGV0ZSI6MTIwMDAwMDAwMDAwMCwidXBkYXRlIjo2MDAwMDAwMDAwMDB9LCJzY2hlbWFfdmVyc2lvbiI6IjEifQ==",
          "dependencies": [
            "aws_key_pair.PAADEU2_pub_key",
            "aws_security_group.bastion_sg",
            "aws_subnet.SnPub1",
            "aws_vpc.PAADEU2_vpc",
            "tls_private_key.PAADEU2_key"
          ]
        }
      ]
    },
    {
      "mode": "managed",
      "type": "aws_instance",
      "name": "PAADEU2_docker_server",
      "provider": "provider[\"registry.terraform.io/hashicorp/aws\"]",
      "instances": [
        {
          "schema_version": 1,
          "attributes": {
            "ami": "ami-035c5dc086849b5de",
            "arn": "arn:aws:ec2:eu-west-2:803077056902:instance/i-02c0ded3fa026bc72",
            "associate_public_ip_address": false,
            "availability_zone": "eu-west-2a",
            "capacity_reservation_specification": [
              {
                "capacity_reservation_preference": "open",
                "capacity_reservation_target": []
              }
            ],
            "cpu_core_count": 2,
            "cpu_threads_per_core": 1,
            "credit_specification": [
              {
                "cpu_credits": "standard"
              }
            ],
            "disable_api_stop": false,
            "disable_api_termination": false,
            "ebs_block_device": [],
            "ebs_optimized": false,
            "enclave_options": [
              {
                "enabled": false
              }
            ],
            "ephemeral_block_device": [],
            "get_password_data": false,
            "hibernation": false,
            "host_id": null,
            "host_resource_group_arn": null,
            "iam_instance_profile": "",
            "id": "i-02c0ded3fa026bc72",
            "instance_initiated_shutdown_behavior": "stop",
            "instance_state": "running",
            "instance_type": "t2.medium",
            "ipv6_address_count": 0,
            "ipv6_addresses": [],
            "key_name": "PAADEU2_pub_key",
            "launch_template": [],
            "maintenance_options": [
              {
                "auto_recovery": "default"
              }
            ],
            "metadata_options": [
              {
                "http_endpoint": "enabled",
                "http_put_response_hop_limit": 1,
                "http_tokens": "optional",
                "instance_metadata_tags": "disabled"
              }
            ],
            "monitoring": false,
            "network_interface": [],
            "outpost_arn": "",
            "password_data": "",
            "placement_group": "",
            "placement_partition_number": null,
            "primary_network_interface_id": "eni-0824e29024748411e",
            "private_dns": "ip-10-0-2-40.eu-west-2.compute.internal",
            "private_dns_name_options": [
              {
                "enable_resource_name_dns_a_record": false,
                "enable_resource_name_dns_aaaa_record": false,
                "hostname_type": "ip-name"
              }
            ],
            "private_ip": "10.0.2.40",
            "public_dns": "",
            "public_ip": "",
            "root_block_device": [
              {
                "delete_on_termination": true,
                "device_name": "/dev/sda1",
                "encrypted": false,
                "iops": 100,
                "kms_key_id": "",
                "tags": {},
                "throughput": 0,
                "volume_id": "vol-0186a338112b810c8",
                "volume_size": 10,
                "volume_type": "gp2"
              }
            ],
            "secondary_private_ips": [],
            "security_groups": [],
            "source_dest_check": true,
            "subnet_id": "subnet-016d882a0078ddf81",
            "tags": {
              "Name": "PAADEU2_docker_server"
            },
            "tags_all": {
              "Name": "PAADEU2_docker_server"
            },
            "tenancy": "default",
            "timeouts": null,
            "user_data": "a17a7ad03503ea46695dce96a417d548def45ebe",
            "user_data_base64": null,
            "user_data_replace_on_change": false,
            "volume_tags": null,
            "vpc_security_group_ids": [
              "sg-01a625bd89ee7d4b5"
            ]
          },
          "sensitive_attributes": [],
          "private": "eyJlMmJmYjczMC1lY2FhLTExZTYtOGY4OC0zNDM2M2JjN2M0YzAiOnsiY3JlYXRlIjo2MDAwMDAwMDAwMDAsImRlbGV0ZSI6MTIwMDAwMDAwMDAwMCwidXBkYXRlIjo2MDAwMDAwMDAwMDB9LCJzY2hlbWFfdmVyc2lvbiI6IjEifQ==",
          "dependencies": [
            "aws_key_pair.PAADEU2_pub_key",
            "aws_security_group.docker_sg",
            "aws_subnet.SnPri1",
            "aws_vpc.PAADEU2_vpc",
            "tls_private_key.PAADEU2_key"
          ]
        }
      ]
    },
    {
      "mode": "managed",
      "type": "aws_instance",
      "name": "PPADEU2_jenkins_server",
      "provider": "provider[\"registry.terraform.io/hashicorp/aws\"]",
      "instances": [
        {
          "schema_version": 1,
          "attributes": {
            "ami": "ami-0fb391cce7a602d1f",
            "arn": "arn:aws:ec2:eu-west-2:803077056902:instance/i-0a39e6e45f51b0212",
            "associate_public_ip_address": false,
            "availability_zone": "eu-west-2a",
            "capacity_reservation_specification": [
              {
                "capacity_reservation_preference": "open",
                "capacity_reservation_target": []
              }
            ],
            "cpu_core_count": 2,
            "cpu_threads_per_core": 1,
            "credit_specification": [
              {
                "cpu_credits": "standard"
              }
            ],
            "disable_api_stop": false,
            "disable_api_termination": false,
            "ebs_block_device": [],
            "ebs_optimized": false,
            "enclave_options": [
              {
                "enabled": false
              }
            ],
            "ephemeral_block_device": [],
            "get_password_data": false,
            "hibernation": false,
            "host_id": null,
            "host_resource_group_arn": null,
            "iam_instance_profile": "",
            "id": "i-0a39e6e45f51b0212",
            "instance_initiated_shutdown_behavior": "stop",
            "instance_state": "running",
            "instance_type": "t2.medium",
            "ipv6_address_count": 0,
            "ipv6_addresses": [],
            "key_name": "PAADEU2_pub_key",
            "launch_template": [],
            "maintenance_options": [
              {
                "auto_recovery": "default"
              }
            ],
            "metadata_options": [
              {
                "http_endpoint": "enabled",
                "http_put_response_hop_limit": 1,
                "http_tokens": "optional",
                "instance_metadata_tags": "disabled"
              }
            ],
            "monitoring": false,
            "network_interface": [],
            "outpost_arn": "",
            "password_data": "",
            "placement_group": "",
            "placement_partition_number": null,
            "primary_network_interface_id": "eni-062db5454fc86057e",
            "private_dns": "ip-10-0-2-59.eu-west-2.compute.internal",
            "private_dns_name_options": [
              {
                "enable_resource_name_dns_a_record": false,
                "enable_resource_name_dns_aaaa_record": false,
                "hostname_type": "ip-name"
              }
            ],
            "private_ip": "10.0.2.59",
            "public_dns": "",
            "public_ip": "",
            "root_block_device": [
              {
                "delete_on_termination": true,
                "device_name": "/dev/sda1",
                "encrypted": false,
                "iops": 100,
                "kms_key_id": "",
                "tags": {},
                "throughput": 0,
                "volume_id": "vol-0196a69eeadc43dd4",
                "volume_size": 8,
                "volume_type": "gp2"
              }
            ],
            "secondary_private_ips": [],
            "security_groups": [],
            "source_dest_check": true,
            "subnet_id": "subnet-016d882a0078ddf81",
            "tags": {
              "Name": "PPADEU2_jenkins_server"
            },
            "tags_all": {
              "Name": "PPADEU2_jenkins_server"
            },
            "tenancy": "default",
            "timeouts": null,
            "user_data": "72b7896b8ce13506593383d1b5c2e84d0678d8f2",
            "user_data_base64": null,
            "user_data_replace_on_change": false,
            "volume_tags": null,
            "vpc_security_group_ids": [
              "sg-0a89a8951e40f3046"
            ]
          },
          "sensitive_attributes": [],
          "private": "eyJlMmJmYjczMC1lY2FhLTExZTYtOGY4OC0zNDM2M2JjN2M0YzAiOnsiY3JlYXRlIjo2MDAwMDAwMDAwMDAsImRlbGV0ZSI6MTIwMDAwMDAwMDAwMCwidXBkYXRlIjo2MDAwMDAwMDAwMDB9LCJzY2hlbWFfdmVyc2lvbiI6IjEifQ==",
          "dependencies": [
            "aws_key_pair.PAADEU2_pub_key",
            "aws_security_group.jenkins_server_sg",
            "aws_subnet.SnPri1",
            "aws_vpc.PAADEU2_vpc",
            "tls_private_key.PAADEU2_key"
          ]
        }
      ]
    },
    {
      "mode": "managed",
      "type": "aws_instance",
      "name": "PPADEU2_sonarqube_server",
      "provider": "provider[\"registry.terraform.io/hashicorp/aws\"]",
      "instances": [
        {
          "schema_version": 1,
          "attributes": {
            "ami": "ami-0fb391cce7a602d1f",
            "arn": "arn:aws:ec2:eu-west-2:803077056902:instance/i-0f9f95d4ed10cce64",
            "associate_public_ip_address": false,
            "availability_zone": "eu-west-2a",
            "capacity_reservation_specification": [
              {
                "capacity_reservation_preference": "open",
                "capacity_reservation_target": []
              }
            ],
            "cpu_core_count": 2,
            "cpu_threads_per_core": 1,
            "credit_specification": [
              {
                "cpu_credits": "standard"
              }
            ],
            "disable_api_stop": false,
            "disable_api_termination": false,
            "ebs_block_device": [],
            "ebs_optimized": false,
            "enclave_options": [
              {
                "enabled": false
              }
            ],
            "ephemeral_block_device": [],
            "get_password_data": false,
            "hibernation": false,
            "host_id": null,
            "host_resource_group_arn": null,
            "iam_instance_profile": "",
            "id": "i-0f9f95d4ed10cce64",
            "instance_initiated_shutdown_behavior": "stop",
            "instance_state": "running",
            "instance_type": "t2.medium",
            "ipv6_address_count": 0,
            "ipv6_addresses": [],
            "key_name": "PAADEU2_pub_key",
            "launch_template": [],
            "maintenance_options": [
              {
                "auto_recovery": "default"
              }
            ],
            "metadata_options": [
              {
                "http_endpoint": "enabled",
                "http_put_response_hop_limit": 1,
                "http_tokens": "optional",
                "instance_metadata_tags": "disabled"
              }
            ],
            "monitoring": false,
            "network_interface": [],
            "outpost_arn": "",
            "password_data": "",
            "placement_group": "",
            "placement_partition_number": null,
            "primary_network_interface_id": "eni-09ed68078e0c8a1f6",
            "private_dns": "ip-10-0-2-43.eu-west-2.compute.internal",
            "private_dns_name_options": [
              {
                "enable_resource_name_dns_a_record": false,
                "enable_resource_name_dns_aaaa_record": false,
                "hostname_type": "ip-name"
              }
            ],
            "private_ip": "10.0.2.43",
            "public_dns": "",
            "public_ip": "",
            "root_block_device": [
              {
                "delete_on_termination": true,
                "device_name": "/dev/sda1",
                "encrypted": false,
                "iops": 100,
                "kms_key_id": "",
                "tags": {},
                "throughput": 0,
                "volume_id": "vol-0cd4657ef458d21f5",
                "volume_size": 8,
                "volume_type": "gp2"
              }
            ],
            "secondary_private_ips": [],
            "security_groups": [],
            "source_dest_check": true,
            "subnet_id": "subnet-016d882a0078ddf81",
            "tags": {
              "Name": "PPADEU2_sonarqube_server"
            },
            "tags_all": {
              "Name": "PPADEU2_sonarqube_server"
            },
            "tenancy": "default",
            "timeouts": null,
            "user_data": "cde23470eb4fae719fa28314dd99f8b8bd99bd41",
            "user_data_base64": null,
            "user_data_replace_on_change": false,
            "volume_tags": null,
            "vpc_security_group_ids": [
              "sg-011bf7053974e2e96"
            ]
          },
          "sensitive_attributes": [],
          "private": "eyJlMmJmYjczMC1lY2FhLTExZTYtOGY4OC0zNDM2M2JjN2M0YzAiOnsiY3JlYXRlIjo2MDAwMDAwMDAwMDAsImRlbGV0ZSI6MTIwMDAwMDAwMDAwMCwidXBkYXRlIjo2MDAwMDAwMDAwMDB9LCJzY2hlbWFfdmVyc2lvbiI6IjEifQ==",
          "dependencies": [
            "aws_key_pair.PAADEU2_pub_key",
            "aws_security_group.sonarqube_sg",
            "aws_subnet.SnPri1",
            "aws_vpc.PAADEU2_vpc",
            "tls_private_key.PAADEU2_key"
          ]
        }
      ]
    },
    {
      "mode": "managed",
      "type": "aws_internet_gateway",
      "name": "igw",
      "provider": "provider[\"registry.terraform.io/hashicorp/aws\"]",
      "instances": [
        {
          "schema_version": 0,
          "attributes": {
            "arn": "arn:aws:ec2:eu-west-2:803077056902:internet-gateway/igw-034ff6b15decf6987",
            "id": "igw-034ff6b15decf6987",
            "owner_id": "803077056902",
            "tags": {
              "Name": "igw"
            },
            "tags_all": {
              "Name": "igw"
            },
            "timeouts": null,
            "vpc_id": "vpc-05dc38a2c6dbb2cca"
          },
          "sensitive_attributes": [],
          "private": "eyJlMmJmYjczMC1lY2FhLTExZTYtOGY4OC0zNDM2M2JjN2M0YzAiOnsiY3JlYXRlIjoxMjAwMDAwMDAwMDAwLCJkZWxldGUiOjEyMDAwMDAwMDAwMDAsInVwZGF0ZSI6MTIwMDAwMDAwMDAwMH19",
          "dependencies": [
            "aws_vpc.PAADEU2_vpc"
          ]
        }
      ]
    },
    {
      "mode": "managed",
      "type": "aws_key_pair",
      "name": "PAADEU2_pub_key",
      "provider": "provider[\"registry.terraform.io/hashicorp/aws\"]",
      "instances": [
        {
          "schema_version": 1,
          "attributes": {
            "arn": "arn:aws:ec2:eu-west-2:803077056902:key-pair/PAADEU2_pub_key",
            "fingerprint": "6c:5e:ff:d0:25:f6:15:1f:bd:8d:a1:f2:86:bd:e3:ce",
            "id": "PAADEU2_pub_key",
            "key_name": "PAADEU2_pub_key",
            "key_name_prefix": "",
            "key_pair_id": "key-03a7ab9b882d4d5dd",
            "key_type": "rsa",
            "public_key": "ssh-rsa AAAAB3NzaC1yc2EAAAADAQABAAACAQDH/DvGuU2HcNfQmKIhJsPtdJVpCxRcAOfPzc33uO4wA+vhiJuVo3qdVZQmrY7dv0DTOJoOcI7b+6pDOuxNPLtMKUiPuueFAvH0JSUWvkHTd//09Fm/bXynmT8e62sL9OdvpgTH/gQ4Rya40BwxLAVABj9/AD81WmTkNoQZUAGllpgb9bIxn1mT+6J6XGqLYSi+PDDMfvNc6fZz7iWJEXfYMrNcx+Q8BdRcFYeZ+VIT10SMtEGh0YctTefghTPV8i6MvnZ2LYwS0q78AXQ2lkSg0Q5FKtxs/dJZ/hF4iCfX1YCI0olD38klOaICsSFql2+fVddoupiVMVC9beEa/xyuXIAs8QyIl8OkZhOCxp6ncbIE/aOvhkHP8+C5lfozKThJENsH6bFvckNvE+ZCzM/sIUYCm3PpoBW/snkzYeiJ9wrUxt8PbkUtxXeYlfAf6iDav9QaezMZdZA3f9II1Uv69vuv158+2bFJ/b1c1oTzGvPph3hI7DjKSYQ9deukanG/nZVCR5c5twW76uXCGsUzOGh5aQ+DBHkTxyiNBt3XvTSRymyY2z7Np9GoBWy+F0EI0abnT+DKEmQ9TtlLwnbug3PHqWHwht2pSk1h/79t5NBhFJ969EkfzCyivgovEUczFLEBDHpBL6H+CZnIlhraA/TPerB3NjaLSAuctTGZDQ==",
            "tags": {},
            "tags_all": {}
          },
          "sensitive_attributes": [],
          "private": "eyJzY2hlbWFfdmVyc2lvbiI6IjEifQ==",
          "dependencies": [
            "tls_private_key.PAADEU2_key"
          ]
        }
      ]
    },
    {
      "mode": "managed",
      "type": "aws_launch_configuration",
      "name": "PAADEU2-lc",
      "provider": "provider[\"registry.terraform.io/hashicorp/aws\"]",
      "instances": [
        {
          "schema_version": 0,
          "attributes": {
            "arn": "arn:aws:autoscaling:eu-west-2:803077056902:launchConfiguration:f67d52e3-7e02-48c8-9a14-3097c33cbe26:launchConfigurationName/PAADEU2-lc2022110822414022610000000a",
            "associate_public_ip_address": true,
            "ebs_block_device": [],
            "ebs_optimized": false,
            "enable_monitoring": true,
            "ephemeral_block_device": [],
            "iam_instance_profile": "",
            "id": "PAADEU2-lc2022110822414022610000000a",
            "image_id": "ami-08a27d9c152b3b463",
            "instance_type": "t2.medium",
            "key_name": "PAADEU2_pub_key",
            "metadata_options": [],
            "name": "PAADEU2-lc2022110822414022610000000a",
            "name_prefix": "PAADEU2-lc",
            "placement_tenancy": "",
            "root_block_device": [],
            "security_groups": [
              "sg-01a625bd89ee7d4b5"
            ],
            "spot_price": "",
            "user_data": null,
            "user_data_base64": null,
            "vpc_classic_link_id": "",
            "vpc_classic_link_security_groups": []
          },
          "sensitive_attributes": [],
          "private": "bnVsbA==",
          "dependencies": [
            "aws_ami_from_instance.PPADEU2-docker-ami",
            "aws_instance.PAADEU2_docker_server",
            "aws_key_pair.PAADEU2_pub_key",
            "aws_security_group.docker_sg",
            "aws_subnet.SnPri1",
            "aws_vpc.PAADEU2_vpc",
            "tls_private_key.PAADEU2_key"
          ]
        }
      ]
    },
    {
      "mode": "managed",
      "type": "aws_lb",
      "name": "PAADEU2-AutoDisc-LB",
      "provider": "provider[\"registry.terraform.io/hashicorp/aws\"]",
      "instances": [
        {
          "schema_version": 0,
          "attributes": {
            "access_logs": [
              {
                "bucket": "",
                "enabled": false,
                "prefix": ""
              }
            ],
            "arn": "arn:aws:elasticloadbalancing:eu-west-2:803077056902:loadbalancer/app/PAADEU2-AutoDisc-LB/63ca4ddd31a487a2",
            "arn_suffix": "app/PAADEU2-AutoDisc-LB/63ca4ddd31a487a2",
            "customer_owned_ipv4_pool": "",
            "desync_mitigation_mode": "defensive",
            "dns_name": "PAADEU2-AutoDisc-LB-604131884.eu-west-2.elb.amazonaws.com",
            "drop_invalid_header_fields": false,
            "enable_cross_zone_load_balancing": null,
            "enable_deletion_protection": false,
            "enable_http2": true,
            "enable_waf_fail_open": false,
            "id": "arn:aws:elasticloadbalancing:eu-west-2:803077056902:loadbalancer/app/PAADEU2-AutoDisc-LB/63ca4ddd31a487a2",
            "idle_timeout": 60,
            "internal": false,
            "ip_address_type": "ipv4",
            "load_balancer_type": "application",
            "name": "PAADEU2-AutoDisc-LB",
            "name_prefix": null,
            "preserve_host_header": false,
            "security_groups": [
              "sg-0abae1c7fce155cf8"
            ],
            "subnet_mapping": [
              {
                "allocation_id": "",
                "ipv6_address": "",
                "outpost_id": "",
                "private_ipv4_address": "",
                "subnet_id": "subnet-0a9726466df22c357"
              },
              {
                "allocation_id": "",
                "ipv6_address": "",
                "outpost_id": "",
                "private_ipv4_address": "",
                "subnet_id": "subnet-0bcbb39897b8307ff"
              }
            ],
            "subnets": [
              "subnet-0a9726466df22c357",
              "subnet-0bcbb39897b8307ff"
            ],
            "tags": {
              "Environment": "PAADEU2-LB"
            },
            "tags_all": {
              "Environment": "PAADEU2-LB"
            },
            "timeouts": null,
            "vpc_id": "vpc-05dc38a2c6dbb2cca",
            "zone_id": "ZHURV8PSTC4K8"
          },
          "sensitive_attributes": [],
          "private": "eyJlMmJmYjczMC1lY2FhLTExZTYtOGY4OC0zNDM2M2JjN2M0YzAiOnsiY3JlYXRlIjo2MDAwMDAwMDAwMDAsImRlbGV0ZSI6NjAwMDAwMDAwMDAwLCJ1cGRhdGUiOjYwMDAwMDAwMDAwMH19",
          "dependencies": [
            "aws_security_group.docker_lb_sg",
            "aws_subnet.SnPub1",
            "aws_subnet.SnPub2",
            "aws_vpc.PAADEU2_vpc"
          ]
        }
      ]
    },
    {
      "mode": "managed",
      "type": "aws_lb",
      "name": "PAADEU2-Docker-LB",
      "provider": "provider[\"registry.terraform.io/hashicorp/aws\"]",
      "instances": [
        {
          "schema_version": 0,
          "attributes": {
            "access_logs": [
              {
                "bucket": "",
                "enabled": false,
                "prefix": ""
              }
            ],
            "arn": "arn:aws:elasticloadbalancing:eu-west-2:803077056902:loadbalancer/app/PAADEU2-Docker-LB/8f6dc4c2891b64dc",
            "arn_suffix": "app/PAADEU2-Docker-LB/8f6dc4c2891b64dc",
            "customer_owned_ipv4_pool": "",
            "desync_mitigation_mode": "defensive",
            "dns_name": "PAADEU2-Docker-LB-1981328794.eu-west-2.elb.amazonaws.com",
            "drop_invalid_header_fields": false,
            "enable_cross_zone_load_balancing": null,
            "enable_deletion_protection": false,
            "enable_http2": true,
            "enable_waf_fail_open": false,
            "id": "arn:aws:elasticloadbalancing:eu-west-2:803077056902:loadbalancer/app/PAADEU2-Docker-LB/8f6dc4c2891b64dc",
            "idle_timeout": 60,
            "internal": false,
            "ip_address_type": "ipv4",
            "load_balancer_type": "application",
            "name": "PAADEU2-Docker-LB",
            "name_prefix": null,
            "preserve_host_header": false,
            "security_groups": [
              "sg-0abae1c7fce155cf8"
            ],
            "subnet_mapping": [
              {
                "allocation_id": "",
                "ipv6_address": "",
                "outpost_id": "",
                "private_ipv4_address": "",
                "subnet_id": "subnet-0a9726466df22c357"
              },
              {
                "allocation_id": "",
                "ipv6_address": "",
                "outpost_id": "",
                "private_ipv4_address": "",
                "subnet_id": "subnet-0bcbb39897b8307ff"
              }
            ],
            "subnets": [
              "subnet-0a9726466df22c357",
              "subnet-0bcbb39897b8307ff"
            ],
            "tags": {
              "Environment": "PAADEU2-LB"
            },
            "tags_all": {
              "Environment": "PAADEU2-LB"
            },
            "timeouts": null,
            "vpc_id": "vpc-05dc38a2c6dbb2cca",
            "zone_id": "ZHURV8PSTC4K8"
          },
          "sensitive_attributes": [],
          "private": "eyJlMmJmYjczMC1lY2FhLTExZTYtOGY4OC0zNDM2M2JjN2M0YzAiOnsiY3JlYXRlIjo2MDAwMDAwMDAwMDAsImRlbGV0ZSI6NjAwMDAwMDAwMDAwLCJ1cGRhdGUiOjYwMDAwMDAwMDAwMH19",
          "dependencies": [
            "aws_security_group.docker_lb_sg",
            "aws_subnet.SnPub1",
            "aws_subnet.SnPub2",
            "aws_vpc.PAADEU2_vpc"
          ]
        }
      ]
    },
    {
      "mode": "managed",
      "type": "aws_lb",
      "name": "PAADEU2-Jenkins-LB",
      "provider": "provider[\"registry.terraform.io/hashicorp/aws\"]",
      "instances": [
        {
          "schema_version": 0,
          "attributes": {
            "access_logs": [
              {
                "bucket": "",
                "enabled": false,
                "prefix": ""
              }
            ],
            "arn": "arn:aws:elasticloadbalancing:eu-west-2:803077056902:loadbalancer/app/PAADEU2-Jenkins-LB/bb2cd883278600ea",
            "arn_suffix": "app/PAADEU2-Jenkins-LB/bb2cd883278600ea",
            "customer_owned_ipv4_pool": "",
            "desync_mitigation_mode": "defensive",
            "dns_name": "PAADEU2-Jenkins-LB-1275103755.eu-west-2.elb.amazonaws.com",
            "drop_invalid_header_fields": false,
            "enable_cross_zone_load_balancing": null,
            "enable_deletion_protection": false,
            "enable_http2": true,
            "enable_waf_fail_open": false,
            "id": "arn:aws:elasticloadbalancing:eu-west-2:803077056902:loadbalancer/app/PAADEU2-Jenkins-LB/bb2cd883278600ea",
            "idle_timeout": 60,
            "internal": false,
            "ip_address_type": "ipv4",
            "load_balancer_type": "application",
            "name": "PAADEU2-Jenkins-LB",
            "name_prefix": null,
            "preserve_host_header": false,
            "security_groups": [
              "sg-0415e85511a1d8409"
            ],
            "subnet_mapping": [
              {
                "allocation_id": "",
                "ipv6_address": "",
                "outpost_id": "",
                "private_ipv4_address": "",
                "subnet_id": "subnet-0a9726466df22c357"
              },
              {
                "allocation_id": "",
                "ipv6_address": "",
                "outpost_id": "",
                "private_ipv4_address": "",
                "subnet_id": "subnet-0bcbb39897b8307ff"
              }
            ],
            "subnets": [
              "subnet-0a9726466df22c357",
              "subnet-0bcbb39897b8307ff"
            ],
            "tags": {
              "Environment": "PAADEU2-LB"
            },
            "tags_all": {
              "Environment": "PAADEU2-LB"
            },
            "timeouts": null,
            "vpc_id": "vpc-05dc38a2c6dbb2cca",
            "zone_id": "ZHURV8PSTC4K8"
          },
          "sensitive_attributes": [],
          "private": "eyJlMmJmYjczMC1lY2FhLTExZTYtOGY4OC0zNDM2M2JjN2M0YzAiOnsiY3JlYXRlIjo2MDAwMDAwMDAwMDAsImRlbGV0ZSI6NjAwMDAwMDAwMDAwLCJ1cGRhdGUiOjYwMDAwMDAwMDAwMH19",
          "dependencies": [
            "aws_security_group.Jenkins_lb_sg",
            "aws_subnet.SnPub1",
            "aws_subnet.SnPub2",
            "aws_vpc.PAADEU2_vpc"
          ]
        }
      ]
    },
    {
      "mode": "managed",
      "type": "aws_lb",
      "name": "PAADEU2-LB",
      "provider": "provider[\"registry.terraform.io/hashicorp/aws\"]",
      "instances": [
        {
          "schema_version": 0,
          "attributes": {
            "access_logs": [
              {
                "bucket": "",
                "enabled": false,
                "prefix": ""
              }
            ],
            "arn": "arn:aws:elasticloadbalancing:eu-west-2:803077056902:loadbalancer/app/PAADEU2-LB/14ee55263355106e",
            "arn_suffix": "app/PAADEU2-LB/14ee55263355106e",
            "customer_owned_ipv4_pool": "",
            "desync_mitigation_mode": "defensive",
            "dns_name": "PAADEU2-LB-1173760763.eu-west-2.elb.amazonaws.com",
            "drop_invalid_header_fields": false,
            "enable_cross_zone_load_balancing": null,
            "enable_deletion_protection": false,
            "enable_http2": true,
            "enable_waf_fail_open": false,
            "id": "arn:aws:elasticloadbalancing:eu-west-2:803077056902:loadbalancer/app/PAADEU2-LB/14ee55263355106e",
            "idle_timeout": 60,
            "internal": false,
            "ip_address_type": "ipv4",
            "load_balancer_type": "application",
            "name": "PAADEU2-LB",
            "name_prefix": null,
            "preserve_host_header": false,
            "security_groups": [
              "sg-0e0b82c470081f4c8"
            ],
            "subnet_mapping": [
              {
                "allocation_id": "",
                "ipv6_address": "",
                "outpost_id": "",
                "private_ipv4_address": "",
                "subnet_id": "subnet-0a9726466df22c357"
              },
              {
                "allocation_id": "",
                "ipv6_address": "",
                "outpost_id": "",
                "private_ipv4_address": "",
                "subnet_id": "subnet-0bcbb39897b8307ff"
              }
            ],
            "subnets": [
              "subnet-0a9726466df22c357",
              "subnet-0bcbb39897b8307ff"
            ],
            "tags": {
              "Environment": "PAADEU2-LB"
            },
            "tags_all": {
              "Environment": "PAADEU2-LB"
            },
            "timeouts": null,
            "vpc_id": "vpc-05dc38a2c6dbb2cca",
            "zone_id": "ZHURV8PSTC4K8"
          },
          "sensitive_attributes": [],
          "private": "eyJlMmJmYjczMC1lY2FhLTExZTYtOGY4OC0zNDM2M2JjN2M0YzAiOnsiY3JlYXRlIjo2MDAwMDAwMDAwMDAsImRlbGV0ZSI6NjAwMDAwMDAwMDAwLCJ1cGRhdGUiOjYwMDAwMDAwMDAwMH19",
          "dependencies": [
            "aws_security_group.sonarqube_lb_sg",
            "aws_subnet.SnPub1",
            "aws_subnet.SnPub2",
            "aws_vpc.PAADEU2_vpc"
          ]
        }
      ]
    },
    {
      "mode": "managed",
      "type": "aws_lb_listener",
      "name": "PAAEU2_AutoDisc_lb_listener",
      "provider": "provider[\"registry.terraform.io/hashicorp/aws\"]",
      "instances": [
        {
          "schema_version": 0,
          "attributes": {
            "alpn_policy": null,
            "arn": "arn:aws:elasticloadbalancing:eu-west-2:803077056902:listener/app/PAADEU2-AutoDisc-LB/63ca4ddd31a487a2/5d352527bf0554e6",
            "certificate_arn": null,
            "default_action": [
              {
                "authenticate_cognito": [],
                "authenticate_oidc": [],
                "fixed_response": [],
                "forward": [],
                "order": 1,
                "redirect": [],
                "target_group_arn": "arn:aws:elasticloadbalancing:eu-west-2:803077056902:targetgroup/PAADEU2-AutoDisc-lb-tg/4ef07163c1e813c2",
                "type": "forward"
              }
            ],
            "id": "arn:aws:elasticloadbalancing:eu-west-2:803077056902:listener/app/PAADEU2-AutoDisc-LB/63ca4ddd31a487a2/5d352527bf0554e6",
            "load_balancer_arn": "arn:aws:elasticloadbalancing:eu-west-2:803077056902:loadbalancer/app/PAADEU2-AutoDisc-LB/63ca4ddd31a487a2",
            "port": 80,
            "protocol": "HTTP",
            "ssl_policy": "",
            "tags": {},
            "tags_all": {},
            "timeouts": null
          },
          "sensitive_attributes": [],
          "private": "eyJlMmJmYjczMC1lY2FhLTExZTYtOGY4OC0zNDM2M2JjN2M0YzAiOnsicmVhZCI6NjAwMDAwMDAwMDAwfX0=",
          "dependencies": [
            "aws_lb.PAADEU2-AutoDisc-LB",
            "aws_lb_target_group.PAADEU2-AutoDisc-lb-tg",
            "aws_security_group.docker_lb_sg",
            "aws_subnet.SnPub1",
            "aws_subnet.SnPub2",
            "aws_vpc.PAADEU2_vpc"
          ]
        }
      ]
    },
    {
      "mode": "managed",
      "type": "aws_lb_listener",
      "name": "PAAEU2_Docker_lb_listener",
      "provider": "provider[\"registry.terraform.io/hashicorp/aws\"]",
      "instances": [
        {
          "schema_version": 0,
          "attributes": {
            "alpn_policy": null,
            "arn": "arn:aws:elasticloadbalancing:eu-west-2:803077056902:listener/app/PAADEU2-Docker-LB/8f6dc4c2891b64dc/8f1543f80251383c",
            "certificate_arn": null,
            "default_action": [
              {
                "authenticate_cognito": [],
                "authenticate_oidc": [],
                "fixed_response": [],
                "forward": [],
                "order": 1,
                "redirect": [],
                "target_group_arn": "arn:aws:elasticloadbalancing:eu-west-2:803077056902:targetgroup/PAADEU2-Docker-lb-tg/ee7c61c1dfa2e14e",
                "type": "forward"
              }
            ],
            "id": "arn:aws:elasticloadbalancing:eu-west-2:803077056902:listener/app/PAADEU2-Docker-LB/8f6dc4c2891b64dc/8f1543f80251383c",
            "load_balancer_arn": "arn:aws:elasticloadbalancing:eu-west-2:803077056902:loadbalancer/app/PAADEU2-Docker-LB/8f6dc4c2891b64dc",
            "port": 80,
            "protocol": "HTTP",
            "ssl_policy": "",
            "tags": {},
            "tags_all": {},
            "timeouts": null
          },
          "sensitive_attributes": [],
          "private": "eyJlMmJmYjczMC1lY2FhLTExZTYtOGY4OC0zNDM2M2JjN2M0YzAiOnsicmVhZCI6NjAwMDAwMDAwMDAwfX0=",
          "dependencies": [
            "aws_lb.PAADEU2-Docker-LB",
            "aws_lb_target_group.PAADEU2-Docker-lb-tg",
            "aws_security_group.docker_lb_sg",
            "aws_subnet.SnPub1",
            "aws_subnet.SnPub2",
            "aws_vpc.PAADEU2_vpc"
          ]
        }
      ]
    },
    {
      "mode": "managed",
      "type": "aws_lb_listener",
      "name": "PAAEU2_Jenkins_lb_listener",
      "provider": "provider[\"registry.terraform.io/hashicorp/aws\"]",
      "instances": [
        {
          "schema_version": 0,
          "attributes": {
            "alpn_policy": null,
            "arn": "arn:aws:elasticloadbalancing:eu-west-2:803077056902:listener/app/PAADEU2-Jenkins-LB/bb2cd883278600ea/ef7ac51df908ac09",
            "certificate_arn": null,
            "default_action": [
              {
                "authenticate_cognito": [],
                "authenticate_oidc": [],
                "fixed_response": [],
                "forward": [],
                "order": 1,
                "redirect": [],
                "target_group_arn": "arn:aws:elasticloadbalancing:eu-west-2:803077056902:targetgroup/PAADEU2-Jenkins-lb-tg/aa966d72bf777896",
                "type": "forward"
              }
            ],
            "id": "arn:aws:elasticloadbalancing:eu-west-2:803077056902:listener/app/PAADEU2-Jenkins-LB/bb2cd883278600ea/ef7ac51df908ac09",
            "load_balancer_arn": "arn:aws:elasticloadbalancing:eu-west-2:803077056902:loadbalancer/app/PAADEU2-Jenkins-LB/bb2cd883278600ea",
            "port": 80,
            "protocol": "HTTP",
            "ssl_policy": "",
            "tags": {},
            "tags_all": {},
            "timeouts": null
          },
          "sensitive_attributes": [],
          "private": "eyJlMmJmYjczMC1lY2FhLTExZTYtOGY4OC0zNDM2M2JjN2M0YzAiOnsicmVhZCI6NjAwMDAwMDAwMDAwfX0=",
          "dependencies": [
            "aws_lb.PAADEU2-Jenkins-LB",
            "aws_lb_target_group.PAADEU2-Jenkins-lb-tg",
            "aws_security_group.Jenkins_lb_sg",
            "aws_subnet.SnPub1",
            "aws_subnet.SnPub2",
            "aws_vpc.PAADEU2_vpc"
          ]
        }
      ]
    },
    {
      "mode": "managed",
      "type": "aws_lb_listener",
      "name": "PAAEU2_lb_listener",
      "provider": "provider[\"registry.terraform.io/hashicorp/aws\"]",
      "instances": [
        {
          "schema_version": 0,
          "attributes": {
            "alpn_policy": null,
            "arn": "arn:aws:elasticloadbalancing:eu-west-2:803077056902:listener/app/PAADEU2-LB/14ee55263355106e/da850bbc076c9259",
            "certificate_arn": null,
            "default_action": [
              {
                "authenticate_cognito": [],
                "authenticate_oidc": [],
                "fixed_response": [],
                "forward": [],
                "order": 1,
                "redirect": [],
                "target_group_arn": "arn:aws:elasticloadbalancing:eu-west-2:803077056902:targetgroup/PAADEU2-lb-tg/47e9a7ae8af2a940",
                "type": "forward"
              }
            ],
            "id": "arn:aws:elasticloadbalancing:eu-west-2:803077056902:listener/app/PAADEU2-LB/14ee55263355106e/da850bbc076c9259",
            "load_balancer_arn": "arn:aws:elasticloadbalancing:eu-west-2:803077056902:loadbalancer/app/PAADEU2-LB/14ee55263355106e",
            "port": 80,
            "protocol": "HTTP",
            "ssl_policy": "",
            "tags": {},
            "tags_all": {},
            "timeouts": null
          },
          "sensitive_attributes": [],
          "private": "eyJlMmJmYjczMC1lY2FhLTExZTYtOGY4OC0zNDM2M2JjN2M0YzAiOnsicmVhZCI6NjAwMDAwMDAwMDAwfX0=",
          "dependencies": [
            "aws_lb.PAADEU2-LB",
            "aws_lb_target_group.PAADEU2-lb-tg",
            "aws_security_group.sonarqube_lb_sg",
            "aws_subnet.SnPub1",
            "aws_subnet.SnPub2",
            "aws_vpc.PAADEU2_vpc"
          ]
        }
      ]
    },
    {
      "mode": "managed",
      "type": "aws_lb_target_group",
      "name": "PAADEU2-AutoDisc-lb-tg",
      "provider": "provider[\"registry.terraform.io/hashicorp/aws\"]",
      "instances": [
        {
          "schema_version": 0,
          "attributes": {
            "arn": "arn:aws:elasticloadbalancing:eu-west-2:803077056902:targetgroup/PAADEU2-AutoDisc-lb-tg/4ef07163c1e813c2",
            "arn_suffix": "targetgroup/PAADEU2-AutoDisc-lb-tg/4ef07163c1e813c2",
            "connection_termination": false,
            "deregistration_delay": "300",
            "health_check": [
              {
                "enabled": true,
                "healthy_threshold": 3,
                "interval": 30,
                "matcher": "200",
                "path": "/",
                "port": "traffic-port",
                "protocol": "HTTP",
                "timeout": 5,
                "unhealthy_threshold": 5
              }
            ],
            "id": "arn:aws:elasticloadbalancing:eu-west-2:803077056902:targetgroup/PAADEU2-AutoDisc-lb-tg/4ef07163c1e813c2",
            "ip_address_type": "ipv4",
            "lambda_multi_value_headers_enabled": false,
            "load_balancing_algorithm_type": "round_robin",
            "name": "PAADEU2-AutoDisc-lb-tg",
            "name_prefix": null,
            "port": 8080,
            "preserve_client_ip": null,
            "protocol": "HTTP",
            "protocol_version": "HTTP1",
            "proxy_protocol_v2": false,
            "slow_start": 0,
            "stickiness": [
              {
                "cookie_duration": 86400,
                "cookie_name": "",
                "enabled": false,
                "type": "lb_cookie"
              }
            ],
            "tags": {},
            "tags_all": {},
            "target_failover": [
              {
                "on_deregistration": null,
                "on_unhealthy": null
              }
            ],
            "target_type": "instance",
            "vpc_id": "vpc-05dc38a2c6dbb2cca"
          },
          "sensitive_attributes": [],
          "private": "bnVsbA==",
          "dependencies": [
            "aws_vpc.PAADEU2_vpc"
          ]
        }
      ]
    },
    {
      "mode": "managed",
      "type": "aws_lb_target_group",
      "name": "PAADEU2-Docker-lb-tg",
      "provider": "provider[\"registry.terraform.io/hashicorp/aws\"]",
      "instances": [
        {
          "schema_version": 0,
          "attributes": {
            "arn": "arn:aws:elasticloadbalancing:eu-west-2:803077056902:targetgroup/PAADEU2-Docker-lb-tg/ee7c61c1dfa2e14e",
            "arn_suffix": "targetgroup/PAADEU2-Docker-lb-tg/ee7c61c1dfa2e14e",
            "connection_termination": false,
            "deregistration_delay": "300",
            "health_check": [
              {
                "enabled": true,
                "healthy_threshold": 3,
                "interval": 30,
                "matcher": "200",
                "path": "/",
                "port": "traffic-port",
                "protocol": "HTTP",
                "timeout": 5,
                "unhealthy_threshold": 5
              }
            ],
            "id": "arn:aws:elasticloadbalancing:eu-west-2:803077056902:targetgroup/PAADEU2-Docker-lb-tg/ee7c61c1dfa2e14e",
            "ip_address_type": "ipv4",
            "lambda_multi_value_headers_enabled": false,
            "load_balancing_algorithm_type": "round_robin",
            "name": "PAADEU2-Docker-lb-tg",
            "name_prefix": null,
            "port": 8080,
            "preserve_client_ip": null,
            "protocol": "HTTP",
            "protocol_version": "HTTP1",
            "proxy_protocol_v2": false,
            "slow_start": 0,
            "stickiness": [
              {
                "cookie_duration": 86400,
                "cookie_name": "",
                "enabled": false,
                "type": "lb_cookie"
              }
            ],
            "tags": {},
            "tags_all": {},
            "target_failover": [
              {
                "on_deregistration": null,
                "on_unhealthy": null
              }
            ],
            "target_type": "instance",
            "vpc_id": "vpc-05dc38a2c6dbb2cca"
          },
          "sensitive_attributes": [],
          "private": "bnVsbA==",
          "dependencies": [
            "aws_vpc.PAADEU2_vpc"
          ]
        }
      ]
    },
    {
      "mode": "managed",
      "type": "aws_lb_target_group",
      "name": "PAADEU2-Jenkins-lb-tg",
      "provider": "provider[\"registry.terraform.io/hashicorp/aws\"]",
      "instances": [
        {
          "schema_version": 0,
          "attributes": {
            "arn": "arn:aws:elasticloadbalancing:eu-west-2:803077056902:targetgroup/PAADEU2-Jenkins-lb-tg/aa966d72bf777896",
            "arn_suffix": "targetgroup/PAADEU2-Jenkins-lb-tg/aa966d72bf777896",
            "connection_termination": false,
            "deregistration_delay": "300",
            "health_check": [
              {
                "enabled": true,
                "healthy_threshold": 3,
                "interval": 30,
                "matcher": "200",
                "path": "/",
                "port": "traffic-port",
                "protocol": "HTTP",
                "timeout": 5,
                "unhealthy_threshold": 5
              }
            ],
            "id": "arn:aws:elasticloadbalancing:eu-west-2:803077056902:targetgroup/PAADEU2-Jenkins-lb-tg/aa966d72bf777896",
            "ip_address_type": "ipv4",
            "lambda_multi_value_headers_enabled": false,
            "load_balancing_algorithm_type": "round_robin",
            "name": "PAADEU2-Jenkins-lb-tg",
            "name_prefix": null,
            "port": 8080,
            "preserve_client_ip": null,
            "protocol": "HTTP",
            "protocol_version": "HTTP1",
            "proxy_protocol_v2": false,
            "slow_start": 0,
            "stickiness": [
              {
                "cookie_duration": 86400,
                "cookie_name": "",
                "enabled": false,
                "type": "lb_cookie"
              }
            ],
            "tags": {},
            "tags_all": {},
            "target_failover": [
              {
                "on_deregistration": null,
                "on_unhealthy": null
              }
            ],
            "target_type": "instance",
            "vpc_id": "vpc-05dc38a2c6dbb2cca"
          },
          "sensitive_attributes": [],
          "private": "bnVsbA==",
          "dependencies": [
            "aws_vpc.PAADEU2_vpc"
          ]
        }
      ]
    },
    {
      "mode": "managed",
      "type": "aws_lb_target_group",
      "name": "PAADEU2-lb-tg",
      "provider": "provider[\"registry.terraform.io/hashicorp/aws\"]",
      "instances": [
        {
          "schema_version": 0,
          "attributes": {
            "arn": "arn:aws:elasticloadbalancing:eu-west-2:803077056902:targetgroup/PAADEU2-lb-tg/47e9a7ae8af2a940",
            "arn_suffix": "targetgroup/PAADEU2-lb-tg/47e9a7ae8af2a940",
            "connection_termination": false,
            "deregistration_delay": "300",
            "health_check": [
              {
                "enabled": true,
                "healthy_threshold": 3,
                "interval": 30,
                "matcher": "200",
                "path": "/",
                "port": "traffic-port",
                "protocol": "HTTP",
                "timeout": 5,
                "unhealthy_threshold": 5
              }
            ],
            "id": "arn:aws:elasticloadbalancing:eu-west-2:803077056902:targetgroup/PAADEU2-lb-tg/47e9a7ae8af2a940",
            "ip_address_type": "ipv4",
            "lambda_multi_value_headers_enabled": false,
            "load_balancing_algorithm_type": "round_robin",
            "name": "PAADEU2-lb-tg",
            "name_prefix": null,
            "port": 9000,
            "preserve_client_ip": null,
            "protocol": "HTTP",
            "protocol_version": "HTTP1",
            "proxy_protocol_v2": false,
            "slow_start": 0,
            "stickiness": [
              {
                "cookie_duration": 86400,
                "cookie_name": "",
                "enabled": false,
                "type": "lb_cookie"
              }
            ],
            "tags": {},
            "tags_all": {},
            "target_failover": [
              {
                "on_deregistration": null,
                "on_unhealthy": null
              }
            ],
            "target_type": "instance",
            "vpc_id": "vpc-05dc38a2c6dbb2cca"
          },
          "sensitive_attributes": [],
          "private": "bnVsbA==",
          "dependencies": [
            "aws_vpc.PAADEU2_vpc"
          ]
        }
      ]
    },
    {
      "mode": "managed",
      "type": "aws_lb_target_group_attachment",
      "name": "PAADEU2-jenkins-lb-tgroup-attach",
      "provider": "provider[\"registry.terraform.io/hashicorp/aws\"]",
      "instances": [
        {
          "schema_version": 0,
          "attributes": {
            "availability_zone": null,
            "id": "arn:aws:elasticloadbalancing:eu-west-2:803077056902:targetgroup/PAADEU2-Jenkins-lb-tg/aa966d72bf777896-20221108223834473600000007",
            "port": 8080,
            "target_group_arn": "arn:aws:elasticloadbalancing:eu-west-2:803077056902:targetgroup/PAADEU2-Jenkins-lb-tg/aa966d72bf777896",
            "target_id": "i-0a39e6e45f51b0212"
          },
          "sensitive_attributes": [],
          "private": "bnVsbA==",
          "dependencies": [
            "aws_instance.PPADEU2_jenkins_server",
            "aws_key_pair.PAADEU2_pub_key",
            "aws_lb_target_group.PAADEU2-Jenkins-lb-tg",
            "aws_security_group.jenkins_server_sg",
            "aws_subnet.SnPri1",
            "aws_vpc.PAADEU2_vpc",
            "tls_private_key.PAADEU2_key"
          ]
        }
      ]
    },
    {
      "mode": "managed",
      "type": "aws_lb_target_group_attachment",
      "name": "PAADEU2-lb-tgroup-attach",
      "provider": "provider[\"registry.terraform.io/hashicorp/aws\"]",
      "instances": [
        {
          "schema_version": 0,
          "attributes": {
            "availability_zone": null,
            "id": "arn:aws:elasticloadbalancing:eu-west-2:803077056902:targetgroup/PAADEU2-Docker-lb-tg/ee7c61c1dfa2e14e-20221108223834620600000008",
            "port": 8080,
            "target_group_arn": "arn:aws:elasticloadbalancing:eu-west-2:803077056902:targetgroup/PAADEU2-Docker-lb-tg/ee7c61c1dfa2e14e",
            "target_id": "i-02c0ded3fa026bc72"
          },
          "sensitive_attributes": [],
          "private": "bnVsbA==",
          "dependencies": [
            "aws_instance.PAADEU2_docker_server",
            "aws_key_pair.PAADEU2_pub_key",
            "aws_lb_target_group.PAADEU2-Docker-lb-tg",
            "aws_security_group.docker_sg",
            "aws_subnet.SnPri1",
            "aws_vpc.PAADEU2_vpc",
            "tls_private_key.PAADEU2_key"
          ]
        }
      ]
    },
    {
      "mode": "managed",
      "type": "aws_lb_target_group_attachment",
      "name": "PAADEU2-sonatqube-lb-tgroup-attach",
      "provider": "provider[\"registry.terraform.io/hashicorp/aws\"]",
      "instances": [
        {
          "schema_version": 0,
          "attributes": {
            "availability_zone": null,
            "id": "arn:aws:elasticloadbalancing:eu-west-2:803077056902:targetgroup/PAADEU2-lb-tg/47e9a7ae8af2a940-20221108223854387300000009",
            "port": 9000,
            "target_group_arn": "arn:aws:elasticloadbalancing:eu-west-2:803077056902:targetgroup/PAADEU2-lb-tg/47e9a7ae8af2a940",
            "target_id": "i-0f9f95d4ed10cce64"
          },
          "sensitive_attributes": [],
          "private": "bnVsbA==",
          "dependencies": [
            "aws_instance.PPADEU2_sonarqube_server",
            "aws_key_pair.PAADEU2_pub_key",
            "aws_lb_target_group.PAADEU2-lb-tg",
            "aws_security_group.sonarqube_sg",
            "aws_subnet.SnPri1",
            "aws_vpc.PAADEU2_vpc",
            "tls_private_key.PAADEU2_key"
          ]
        }
      ]
    },
    {
      "mode": "managed",
      "type": "aws_nat_gateway",
      "name": "ngw",
      "provider": "provider[\"registry.terraform.io/hashicorp/aws\"]",
      "instances": [
        {
          "schema_version": 0,
          "attributes": {
            "allocation_id": "eipalloc-0c02023992a785470",
            "connectivity_type": "public",
            "id": "nat-0e850e76c5cd24d86",
            "network_interface_id": "eni-0648dbc688c7e438b",
            "private_ip": "10.0.1.103",
            "public_ip": "18.133.49.0",
            "subnet_id": "subnet-0bcbb39897b8307ff",
            "tags": {
              "Name": "ngw"
            },
            "tags_all": {
              "Name": "ngw"
            }
          },
          "sensitive_attributes": [],
          "private": "bnVsbA==",
          "dependencies": [
            "aws_eip.PAADEU2_eip",
            "aws_internet_gateway.igw",
            "aws_subnet.SnPub1",
            "aws_vpc.PAADEU2_vpc"
          ]
        }
      ]
    },
    {
      "mode": "managed",
      "type": "aws_route_table",
      "name": "PAADEU2_Prv_RT",
      "provider": "provider[\"registry.terraform.io/hashicorp/aws\"]",
      "instances": [
        {
          "schema_version": 0,
          "attributes": {
            "arn": "arn:aws:ec2:eu-west-2:803077056902:route-table/rtb-09679abd6713f5184",
            "id": "rtb-09679abd6713f5184",
            "owner_id": "803077056902",
            "propagating_vgws": [],
            "route": [
              {
                "carrier_gateway_id": "",
                "cidr_block": "0.0.0.0/0",
                "core_network_arn": "",
                "destination_prefix_list_id": "",
                "egress_only_gateway_id": "",
                "gateway_id": "",
                "instance_id": "",
                "ipv6_cidr_block": "",
                "local_gateway_id": "",
                "nat_gateway_id": "nat-0e850e76c5cd24d86",
                "network_interface_id": "",
                "transit_gateway_id": "",
                "vpc_endpoint_id": "",
                "vpc_peering_connection_id": ""
              }
            ],
            "tags": {
              "Name": "PAADEU2_Prv_RT"
            },
            "tags_all": {
              "Name": "PAADEU2_Prv_RT"
            },
            "timeouts": null,
            "vpc_id": "vpc-05dc38a2c6dbb2cca"
          },
          "sensitive_attributes": [],
          "private": "eyJlMmJmYjczMC1lY2FhLTExZTYtOGY4OC0zNDM2M2JjN2M0YzAiOnsiY3JlYXRlIjozMDAwMDAwMDAwMDAsImRlbGV0ZSI6MzAwMDAwMDAwMDAwLCJ1cGRhdGUiOjEyMDAwMDAwMDAwMH19",
          "dependencies": [
            "aws_eip.PAADEU2_eip",
            "aws_internet_gateway.igw",
            "aws_nat_gateway.ngw",
            "aws_subnet.SnPub1",
            "aws_vpc.PAADEU2_vpc"
          ]
        }
      ]
    },
    {
      "mode": "managed",
      "type": "aws_route_table",
      "name": "PAADEU2_Pub_RT",
      "provider": "provider[\"registry.terraform.io/hashicorp/aws\"]",
      "instances": [
        {
          "schema_version": 0,
          "attributes": {
            "arn": "arn:aws:ec2:eu-west-2:803077056902:route-table/rtb-042b2ededae65b6d7",
            "id": "rtb-042b2ededae65b6d7",
            "owner_id": "803077056902",
            "propagating_vgws": [],
            "route": [
              {
                "carrier_gateway_id": "",
                "cidr_block": "0.0.0.0/0",
                "core_network_arn": "",
                "destination_prefix_list_id": "",
                "egress_only_gateway_id": "",
                "gateway_id": "igw-034ff6b15decf6987",
                "instance_id": "",
                "ipv6_cidr_block": "",
                "local_gateway_id": "",
                "nat_gateway_id": "",
                "network_interface_id": "",
                "transit_gateway_id": "",
                "vpc_endpoint_id": "",
                "vpc_peering_connection_id": ""
              }
            ],
            "tags": {
              "Name": "PAADEU2_Pub_RT"
            },
            "tags_all": {
              "Name": "PAADEU2_Pub_RT"
            },
            "timeouts": null,
            "vpc_id": "vpc-05dc38a2c6dbb2cca"
          },
          "sensitive_attributes": [],
          "private": "eyJlMmJmYjczMC1lY2FhLTExZTYtOGY4OC0zNDM2M2JjN2M0YzAiOnsiY3JlYXRlIjozMDAwMDAwMDAwMDAsImRlbGV0ZSI6MzAwMDAwMDAwMDAwLCJ1cGRhdGUiOjEyMDAwMDAwMDAwMH19",
          "dependencies": [
            "aws_internet_gateway.igw",
            "aws_vpc.PAADEU2_vpc"
          ]
        }
      ]
    },
    {
      "mode": "managed",
      "type": "aws_route_table_association",
      "name": "SnPri1_association3",
      "provider": "provider[\"registry.terraform.io/hashicorp/aws\"]",
      "instances": [
        {
          "schema_version": 0,
          "attributes": {
            "gateway_id": "",
            "id": "rtbassoc-0e4a3be1a8faab8e1",
            "route_table_id": "rtb-09679abd6713f5184",
            "subnet_id": "subnet-016d882a0078ddf81"
          },
          "sensitive_attributes": [],
          "private": "bnVsbA==",
          "dependencies": [
            "aws_eip.PAADEU2_eip",
            "aws_internet_gateway.igw",
            "aws_nat_gateway.ngw",
            "aws_route_table.PAADEU2_Prv_RT",
            "aws_subnet.SnPri1",
            "aws_subnet.SnPub1",
            "aws_vpc.PAADEU2_vpc"
          ]
        }
      ]
    },
    {
      "mode": "managed",
      "type": "aws_route_table_association",
      "name": "SnPri2_association4",
      "provider": "provider[\"registry.terraform.io/hashicorp/aws\"]",
      "instances": [
        {
          "schema_version": 0,
          "attributes": {
            "gateway_id": "",
            "id": "rtbassoc-0e1a5052c870d91f6",
            "route_table_id": "rtb-09679abd6713f5184",
            "subnet_id": "subnet-0a9b526d55c00f6cd"
          },
          "sensitive_attributes": [],
          "private": "bnVsbA==",
          "dependencies": [
            "aws_eip.PAADEU2_eip",
            "aws_internet_gateway.igw",
            "aws_nat_gateway.ngw",
            "aws_route_table.PAADEU2_Prv_RT",
            "aws_subnet.SnPri2",
            "aws_subnet.SnPub1",
            "aws_vpc.PAADEU2_vpc"
          ]
        }
      ]
    },
    {
      "mode": "managed",
      "type": "aws_route_table_association",
      "name": "SnPub1_association1",
      "provider": "provider[\"registry.terraform.io/hashicorp/aws\"]",
      "instances": [
        {
          "schema_version": 0,
          "attributes": {
            "gateway_id": "",
            "id": "rtbassoc-0f344446a931686a9",
            "route_table_id": "rtb-042b2ededae65b6d7",
            "subnet_id": "subnet-0bcbb39897b8307ff"
          },
          "sensitive_attributes": [],
          "private": "bnVsbA==",
          "dependencies": [
            "aws_internet_gateway.igw",
            "aws_route_table.PAADEU2_Pub_RT",
            "aws_subnet.SnPub1",
            "aws_vpc.PAADEU2_vpc"
          ]
        }
      ]
    },
    {
      "mode": "managed",
      "type": "aws_route_table_association",
      "name": "SnPub2_association2",
      "provider": "provider[\"registry.terraform.io/hashicorp/aws\"]",
      "instances": [
        {
          "schema_version": 0,
          "attributes": {
            "gateway_id": "",
            "id": "rtbassoc-0f60f4975a70d14c2",
            "route_table_id": "rtb-042b2ededae65b6d7",
            "subnet_id": "subnet-0a9726466df22c357"
          },
          "sensitive_attributes": [],
          "private": "bnVsbA==",
          "dependencies": [
            "aws_internet_gateway.igw",
            "aws_route_table.PAADEU2_Pub_RT",
            "aws_subnet.SnPub2",
            "aws_vpc.PAADEU2_vpc"
          ]
        }
      ]
    },
    {
      "mode": "managed",
      "type": "aws_security_group",
      "name": "Jenkins_lb_sg",
      "provider": "provider[\"registry.terraform.io/hashicorp/aws\"]",
      "instances": [
        {
          "schema_version": 1,
          "attributes": {
            "arn": "arn:aws:ec2:eu-west-2:803077056902:security-group/sg-0415e85511a1d8409",
            "description": "Allow HTTP and SSH inbound traffic",
            "egress": [
              {
                "cidr_blocks": [
                  "0.0.0.0/0"
                ],
                "description": "",
                "from_port": 0,
                "ipv6_cidr_blocks": [],
                "prefix_list_ids": [],
                "protocol": "-1",
                "security_groups": [],
                "self": false,
                "to_port": 0
              }
            ],
            "id": "sg-0415e85511a1d8409",
            "ingress": [
              {
                "cidr_blocks": [
                  "0.0.0.0/0"
                ],
                "description": "Jenkins ",
                "from_port": 8080,
                "ipv6_cidr_blocks": [],
                "prefix_list_ids": [],
                "protocol": "tcp",
                "security_groups": [],
                "self": false,
                "to_port": 8080
              },
              {
                "cidr_blocks": [
                  "0.0.0.0/0"
                ],
                "description": "http",
                "from_port": 80,
                "ipv6_cidr_blocks": [],
                "prefix_list_ids": [],
                "protocol": "tcp",
                "security_groups": [],
                "self": false,
                "to_port": 80
              }
            ],
            "name": "Jenkins_lb_sg",
            "name_prefix": "",
            "owner_id": "803077056902",
            "revoke_rules_on_delete": false,
            "tags": {
              "Name": "Jenkins_lb_sg"
            },
            "tags_all": {
              "Name": "Jenkins_lb_sg"
            },
            "timeouts": null,
            "vpc_id": "vpc-05dc38a2c6dbb2cca"
          },
          "sensitive_attributes": [],
          "private": "eyJlMmJmYjczMC1lY2FhLTExZTYtOGY4OC0zNDM2M2JjN2M0YzAiOnsiY3JlYXRlIjo2MDAwMDAwMDAwMDAsImRlbGV0ZSI6OTAwMDAwMDAwMDAwfSwic2NoZW1hX3ZlcnNpb24iOiIxIn0=",
          "dependencies": [
            "aws_vpc.PAADEU2_vpc"
          ]
        }
      ]
    },
    {
      "mode": "managed",
      "type": "aws_security_group",
      "name": "ansible_sg",
      "provider": "provider[\"registry.terraform.io/hashicorp/aws\"]",
      "instances": [
        {
          "schema_version": 1,
          "attributes": {
            "arn": "arn:aws:ec2:eu-west-2:803077056902:security-group/sg-003be48c73922856e",
            "description": "Allow HTTP and SSH inbound traffic",
            "egress": [
              {
                "cidr_blocks": [
                  "0.0.0.0/0"
                ],
                "description": "",
                "from_port": 0,
                "ipv6_cidr_blocks": [],
                "prefix_list_ids": [],
                "protocol": "-1",
                "security_groups": [],
                "self": false,
                "to_port": 0
              }
            ],
            "id": "sg-003be48c73922856e",
            "ingress": [
              {
                "cidr_blocks": [
                  "10.0.1.0/24",
                  "10.0.3.0/24"
                ],
                "description": "SSH",
                "from_port": 22,
                "ipv6_cidr_blocks": [],
                "prefix_list_ids": [],
                "protocol": "tcp",
                "security_groups": [],
                "self": false,
                "to_port": 22
              }
            ],
            "name": "ansible_sg",
            "name_prefix": "",
            "owner_id": "803077056902",
            "revoke_rules_on_delete": false,
            "tags": {
              "Name": "ansible_sg"
            },
            "tags_all": {
              "Name": "ansible_sg"
            },
            "timeouts": null,
            "vpc_id": "vpc-05dc38a2c6dbb2cca"
          },
          "sensitive_attributes": [],
          "private": "eyJlMmJmYjczMC1lY2FhLTExZTYtOGY4OC0zNDM2M2JjN2M0YzAiOnsiY3JlYXRlIjo2MDAwMDAwMDAwMDAsImRlbGV0ZSI6OTAwMDAwMDAwMDAwfSwic2NoZW1hX3ZlcnNpb24iOiIxIn0=",
          "dependencies": [
            "aws_vpc.PAADEU2_vpc"
          ]
        }
      ]
    },
    {
      "mode": "managed",
      "type": "aws_security_group",
      "name": "bastion_sg",
      "provider": "provider[\"registry.terraform.io/hashicorp/aws\"]",
      "instances": [
        {
          "schema_version": 1,
          "attributes": {
            "arn": "arn:aws:ec2:eu-west-2:803077056902:security-group/sg-0452cf2c635c2b6c7",
            "description": "Allow HTTP and SSH inbound traffic",
            "egress": [
              {
                "cidr_blocks": [
                  "0.0.0.0/0"
                ],
                "description": "",
                "from_port": 0,
                "ipv6_cidr_blocks": [],
                "prefix_list_ids": [],
                "protocol": "-1",
                "security_groups": [],
                "self": false,
                "to_port": 0
              }
            ],
            "id": "sg-0452cf2c635c2b6c7",
            "ingress": [
              {
                "cidr_blocks": [
                  "0.0.0.0/0"
                ],
                "description": "SSH",
                "from_port": 22,
                "ipv6_cidr_blocks": [],
                "prefix_list_ids": [],
                "protocol": "tcp",
                "security_groups": [],
                "self": false,
                "to_port": 22
              }
            ],
            "name": "bastion_sg",
            "name_prefix": "",
            "owner_id": "803077056902",
            "revoke_rules_on_delete": false,
            "tags": {
              "Name": "bastion_sg"
            },
            "tags_all": {
              "Name": "bastion_sg"
            },
            "timeouts": null,
            "vpc_id": "vpc-05dc38a2c6dbb2cca"
          },
          "sensitive_attributes": [],
          "private": "eyJlMmJmYjczMC1lY2FhLTExZTYtOGY4OC0zNDM2M2JjN2M0YzAiOnsiY3JlYXRlIjo2MDAwMDAwMDAwMDAsImRlbGV0ZSI6OTAwMDAwMDAwMDAwfSwic2NoZW1hX3ZlcnNpb24iOiIxIn0=",
          "dependencies": [
            "aws_vpc.PAADEU2_vpc"
          ]
        }
      ]
    },
    {
      "mode": "managed",
      "type": "aws_security_group",
      "name": "docker_lb_sg",
      "provider": "provider[\"registry.terraform.io/hashicorp/aws\"]",
      "instances": [
        {
          "schema_version": 1,
          "attributes": {
            "arn": "arn:aws:ec2:eu-west-2:803077056902:security-group/sg-0abae1c7fce155cf8",
            "description": "Allow HTTP and SSH inbound traffic",
            "egress": [
              {
                "cidr_blocks": [
                  "0.0.0.0/0"
                ],
                "description": "",
                "from_port": 0,
                "ipv6_cidr_blocks": [],
                "prefix_list_ids": [],
                "protocol": "-1",
                "security_groups": [],
                "self": false,
                "to_port": 0
              }
            ],
            "id": "sg-0abae1c7fce155cf8",
            "ingress": [
              {
                "cidr_blocks": [
                  "0.0.0.0/0"
                ],
                "description": "docker",
                "from_port": 8080,
                "ipv6_cidr_blocks": [],
                "prefix_list_ids": [],
                "protocol": "tcp",
                "security_groups": [],
                "self": false,
                "to_port": 8080
              },
              {
                "cidr_blocks": [
                  "0.0.0.0/0"
                ],
                "description": "http",
                "from_port": 80,
                "ipv6_cidr_blocks": [],
                "prefix_list_ids": [],
                "protocol": "tcp",
                "security_groups": [],
                "self": false,
                "to_port": 80
              }
            ],
            "name": "docker_lb_sg",
            "name_prefix": "",
            "owner_id": "803077056902",
            "revoke_rules_on_delete": false,
            "tags": {
              "Name": "docker_lb_sg"
            },
            "tags_all": {
              "Name": "docker_lb_sg"
            },
            "timeouts": null,
            "vpc_id": "vpc-05dc38a2c6dbb2cca"
          },
          "sensitive_attributes": [],
          "private": "eyJlMmJmYjczMC1lY2FhLTExZTYtOGY4OC0zNDM2M2JjN2M0YzAiOnsiY3JlYXRlIjo2MDAwMDAwMDAwMDAsImRlbGV0ZSI6OTAwMDAwMDAwMDAwfSwic2NoZW1hX3ZlcnNpb24iOiIxIn0=",
          "dependencies": [
            "aws_vpc.PAADEU2_vpc"
          ]
        }
      ]
    },
    {
      "mode": "managed",
      "type": "aws_security_group",
      "name": "docker_sg",
      "provider": "provider[\"registry.terraform.io/hashicorp/aws\"]",
      "instances": [
        {
          "schema_version": 1,
          "attributes": {
            "arn": "arn:aws:ec2:eu-west-2:803077056902:security-group/sg-01a625bd89ee7d4b5",
            "description": "Allow HTTP and SSH inbound traffic",
            "egress": [
              {
                "cidr_blocks": [
                  "0.0.0.0/0"
                ],
                "description": "",
                "from_port": 0,
                "ipv6_cidr_blocks": [],
                "prefix_list_ids": [],
                "protocol": "-1",
                "security_groups": [],
                "self": false,
                "to_port": 0
              }
            ],
            "id": "sg-01a625bd89ee7d4b5",
            "ingress": [
              {
                "cidr_blocks": [
                  "10.0.1.0/24",
                  "10.0.3.0/24"
                ],
                "description": "HTTP",
                "from_port": 8085,
                "ipv6_cidr_blocks": [],
                "prefix_list_ids": [],
                "protocol": "tcp",
                "security_groups": [],
                "self": false,
                "to_port": 8085
              },
              {
                "cidr_blocks": [
                  "10.0.1.0/24",
                  "10.0.3.0/24"
                ],
                "description": "SSH",
                "from_port": 22,
                "ipv6_cidr_blocks": [],
                "prefix_list_ids": [],
                "protocol": "tcp",
                "security_groups": [],
                "self": false,
                "to_port": 22
              },
              {
                "cidr_blocks": [
                  "10.0.1.0/24",
                  "10.0.3.0/24"
                ],
                "description": "docker",
                "from_port": 8080,
                "ipv6_cidr_blocks": [],
                "prefix_list_ids": [],
                "protocol": "tcp",
                "security_groups": [],
                "self": false,
                "to_port": 8080
              }
            ],
            "name": "docker_sg",
            "name_prefix": "",
            "owner_id": "803077056902",
            "revoke_rules_on_delete": false,
            "tags": {
              "Name": "docker_sg"
            },
            "tags_all": {
              "Name": "docker_sg"
            },
            "timeouts": null,
            "vpc_id": "vpc-05dc38a2c6dbb2cca"
          },
          "sensitive_attributes": [],
          "private": "eyJlMmJmYjczMC1lY2FhLTExZTYtOGY4OC0zNDM2M2JjN2M0YzAiOnsiY3JlYXRlIjo2MDAwMDAwMDAwMDAsImRlbGV0ZSI6OTAwMDAwMDAwMDAwfSwic2NoZW1hX3ZlcnNpb24iOiIxIn0=",
          "dependencies": [
            "aws_vpc.PAADEU2_vpc"
          ]
        }
      ]
    },
    {
      "mode": "managed",
      "type": "aws_security_group",
      "name": "jenkins_server_sg",
      "provider": "provider[\"registry.terraform.io/hashicorp/aws\"]",
      "instances": [
        {
          "schema_version": 1,
          "attributes": {
            "arn": "arn:aws:ec2:eu-west-2:803077056902:security-group/sg-0a89a8951e40f3046",
            "description": "Allow HTTP and SSH inbound traffic",
            "egress": [
              {
                "cidr_blocks": [
                  "0.0.0.0/0"
                ],
                "description": "",
                "from_port": 0,
                "ipv6_cidr_blocks": [],
                "prefix_list_ids": [],
                "protocol": "-1",
                "security_groups": [],
                "self": false,
                "to_port": 0
              }
            ],
            "id": "sg-0a89a8951e40f3046",
            "ingress": [
              {
                "cidr_blocks": [
                  "10.0.1.0/24",
                  "10.0.3.0/24"
                ],
                "description": "HTTP",
                "from_port": 8085,
                "ipv6_cidr_blocks": [],
                "prefix_list_ids": [],
                "protocol": "tcp",
                "security_groups": [],
                "self": false,
                "to_port": 8085
              },
              {
                "cidr_blocks": [
                  "10.0.1.0/24",
                  "10.0.3.0/24"
                ],
                "description": "SSH",
                "from_port": 22,
                "ipv6_cidr_blocks": [],
                "prefix_list_ids": [],
                "protocol": "tcp",
                "security_groups": [],
                "self": false,
                "to_port": 22
              },
              {
                "cidr_blocks": [
                  "10.0.1.0/24",
                  "10.0.3.0/24"
                ],
                "description": "jenkins",
                "from_port": 8080,
                "ipv6_cidr_blocks": [],
                "prefix_list_ids": [],
                "protocol": "tcp",
                "security_groups": [],
                "self": false,
                "to_port": 8080
              }
            ],
            "name": "jenkins_server_sg",
            "name_prefix": "",
            "owner_id": "803077056902",
            "revoke_rules_on_delete": false,
            "tags": {
              "Name": "pvt_server_sg"
            },
            "tags_all": {
              "Name": "pvt_server_sg"
            },
            "timeouts": null,
            "vpc_id": "vpc-05dc38a2c6dbb2cca"
          },
          "sensitive_attributes": [],
          "private": "eyJlMmJmYjczMC1lY2FhLTExZTYtOGY4OC0zNDM2M2JjN2M0YzAiOnsiY3JlYXRlIjo2MDAwMDAwMDAwMDAsImRlbGV0ZSI6OTAwMDAwMDAwMDAwfSwic2NoZW1hX3ZlcnNpb24iOiIxIn0=",
          "dependencies": [
            "aws_vpc.PAADEU2_vpc"
          ]
        }
      ]
    },
    {
      "mode": "managed",
      "type": "aws_security_group",
      "name": "sonarqube_lb_sg",
      "provider": "provider[\"registry.terraform.io/hashicorp/aws\"]",
      "instances": [
        {
          "schema_version": 1,
          "attributes": {
            "arn": "arn:aws:ec2:eu-west-2:803077056902:security-group/sg-0e0b82c470081f4c8",
            "description": "Allow HTTP and SSH inbound traffic",
            "egress": [
              {
                "cidr_blocks": [
                  "0.0.0.0/0"
                ],
                "description": "",
                "from_port": 0,
                "ipv6_cidr_blocks": [],
                "prefix_list_ids": [],
                "protocol": "-1",
                "security_groups": [],
                "self": false,
                "to_port": 0
              }
            ],
            "id": "sg-0e0b82c470081f4c8",
            "ingress": [
              {
                "cidr_blocks": [
                  "0.0.0.0/0"
                ],
                "description": "http",
                "from_port": 80,
                "ipv6_cidr_blocks": [],
                "prefix_list_ids": [],
                "protocol": "tcp",
                "security_groups": [],
                "self": false,
                "to_port": 80
              },
              {
                "cidr_blocks": [
                  "0.0.0.0/0"
                ],
                "description": "sonar",
                "from_port": 9000,
                "ipv6_cidr_blocks": [],
                "prefix_list_ids": [],
                "protocol": "tcp",
                "security_groups": [],
                "self": false,
                "to_port": 9000
              }
            ],
            "name": "lb_sg",
            "name_prefix": "",
            "owner_id": "803077056902",
            "revoke_rules_on_delete": false,
            "tags": {
              "Name": "sonarqube_lb_sg"
            },
            "tags_all": {
              "Name": "sonarqube_lb_sg"
            },
            "timeouts": null,
            "vpc_id": "vpc-05dc38a2c6dbb2cca"
          },
          "sensitive_attributes": [],
          "private": "eyJlMmJmYjczMC1lY2FhLTExZTYtOGY4OC0zNDM2M2JjN2M0YzAiOnsiY3JlYXRlIjo2MDAwMDAwMDAwMDAsImRlbGV0ZSI6OTAwMDAwMDAwMDAwfSwic2NoZW1hX3ZlcnNpb24iOiIxIn0=",
          "dependencies": [
            "aws_vpc.PAADEU2_vpc"
          ]
        }
      ]
    },
    {
      "mode": "managed",
      "type": "aws_security_group",
      "name": "sonarqube_sg",
      "provider": "provider[\"registry.terraform.io/hashicorp/aws\"]",
      "instances": [
        {
          "schema_version": 1,
          "attributes": {
            "arn": "arn:aws:ec2:eu-west-2:803077056902:security-group/sg-011bf7053974e2e96",
            "description": "Allow sonarqube traffic",
            "egress": [
              {
                "cidr_blocks": [
                  "0.0.0.0/0"
                ],
                "description": "",
                "from_port": 0,
                "ipv6_cidr_blocks": [],
                "prefix_list_ids": [],
                "protocol": "-1",
                "security_groups": [],
                "self": false,
                "to_port": 0
              }
            ],
            "id": "sg-011bf7053974e2e96",
            "ingress": [
              {
                "cidr_blocks": [
                  "10.0.1.0/24",
                  "10.0.3.0/24"
                ],
                "description": "SSH",
                "from_port": 22,
                "ipv6_cidr_blocks": [],
                "prefix_list_ids": [],
                "protocol": "tcp",
                "security_groups": [],
                "self": false,
                "to_port": 22
              },
              {
                "cidr_blocks": [
                  "10.0.1.0/24",
                  "10.0.3.0/24"
                ],
                "description": "sonarqube",
                "from_port": 80,
                "ipv6_cidr_blocks": [],
                "prefix_list_ids": [],
                "protocol": "tcp",
                "security_groups": [],
                "self": false,
                "to_port": 80
              },
              {
                "cidr_blocks": [
                  "10.0.1.0/24",
                  "10.0.3.0/24"
                ],
                "description": "sonarqube",
                "from_port": 9000,
                "ipv6_cidr_blocks": [],
                "prefix_list_ids": [],
                "protocol": "tcp",
                "security_groups": [],
                "self": false,
                "to_port": 9000
              }
            ],
            "name": "sonarqube_sg",
            "name_prefix": "",
            "owner_id": "803077056902",
            "revoke_rules_on_delete": false,
            "tags": {
              "Name": "sonarqube_sg"
            },
            "tags_all": {
              "Name": "sonarqube_sg"
            },
            "timeouts": null,
            "vpc_id": "vpc-05dc38a2c6dbb2cca"
          },
          "sensitive_attributes": [],
          "private": "eyJlMmJmYjczMC1lY2FhLTExZTYtOGY4OC0zNDM2M2JjN2M0YzAiOnsiY3JlYXRlIjo2MDAwMDAwMDAwMDAsImRlbGV0ZSI6OTAwMDAwMDAwMDAwfSwic2NoZW1hX3ZlcnNpb24iOiIxIn0=",
          "dependencies": [
            "aws_vpc.PAADEU2_vpc"
          ]
        }
      ]
    },
    {
      "mode": "managed",
      "type": "aws_subnet",
      "name": "SnPri1",
      "provider": "provider[\"registry.terraform.io/hashicorp/aws\"]",
      "instances": [
        {
          "schema_version": 1,
          "attributes": {
            "arn": "arn:aws:ec2:eu-west-2:803077056902:subnet/subnet-016d882a0078ddf81",
            "assign_ipv6_address_on_creation": false,
            "availability_zone": "eu-west-2a",
            "availability_zone_id": "euw2-az2",
            "cidr_block": "10.0.2.0/24",
            "customer_owned_ipv4_pool": "",
            "enable_dns64": false,
            "enable_resource_name_dns_a_record_on_launch": false,
            "enable_resource_name_dns_aaaa_record_on_launch": false,
            "id": "subnet-016d882a0078ddf81",
            "ipv6_cidr_block": "",
            "ipv6_cidr_block_association_id": "",
            "ipv6_native": false,
            "map_customer_owned_ip_on_launch": false,
            "map_public_ip_on_launch": false,
            "outpost_arn": "",
            "owner_id": "803077056902",
            "private_dns_hostname_type_on_launch": "ip-name",
            "tags": {
              "Name": "SnPri1"
            },
            "tags_all": {
              "Name": "SnPri1"
            },
            "timeouts": null,
            "vpc_id": "vpc-05dc38a2c6dbb2cca"
          },
          "sensitive_attributes": [],
          "private": "eyJlMmJmYjczMC1lY2FhLTExZTYtOGY4OC0zNDM2M2JjN2M0YzAiOnsiY3JlYXRlIjo2MDAwMDAwMDAwMDAsImRlbGV0ZSI6MTIwMDAwMDAwMDAwMH0sInNjaGVtYV92ZXJzaW9uIjoiMSJ9",
          "dependencies": [
            "aws_vpc.PAADEU2_vpc"
          ]
        }
      ]
    },
    {
      "mode": "managed",
      "type": "aws_subnet",
      "name": "SnPri2",
      "provider": "provider[\"registry.terraform.io/hashicorp/aws\"]",
      "instances": [
        {
          "schema_version": 1,
          "attributes": {
            "arn": "arn:aws:ec2:eu-west-2:803077056902:subnet/subnet-0a9b526d55c00f6cd",
            "assign_ipv6_address_on_creation": false,
            "availability_zone": "eu-west-2b",
            "availability_zone_id": "euw2-az3",
            "cidr_block": "10.0.4.0/24",
            "customer_owned_ipv4_pool": "",
            "enable_dns64": false,
            "enable_resource_name_dns_a_record_on_launch": false,
            "enable_resource_name_dns_aaaa_record_on_launch": false,
            "id": "subnet-0a9b526d55c00f6cd",
            "ipv6_cidr_block": "",
            "ipv6_cidr_block_association_id": "",
            "ipv6_native": false,
            "map_customer_owned_ip_on_launch": false,
            "map_public_ip_on_launch": false,
            "outpost_arn": "",
            "owner_id": "803077056902",
            "private_dns_hostname_type_on_launch": "ip-name",
            "tags": {
              "Name": "SnPri2"
            },
            "tags_all": {
              "Name": "SnPri2"
            },
            "timeouts": null,
            "vpc_id": "vpc-05dc38a2c6dbb2cca"
          },
          "sensitive_attributes": [],
          "private": "eyJlMmJmYjczMC1lY2FhLTExZTYtOGY4OC0zNDM2M2JjN2M0YzAiOnsiY3JlYXRlIjo2MDAwMDAwMDAwMDAsImRlbGV0ZSI6MTIwMDAwMDAwMDAwMH0sInNjaGVtYV92ZXJzaW9uIjoiMSJ9",
          "dependencies": [
            "aws_vpc.PAADEU2_vpc"
          ]
        }
      ]
    },
    {
      "mode": "managed",
      "type": "aws_subnet",
      "name": "SnPub1",
      "provider": "provider[\"registry.terraform.io/hashicorp/aws\"]",
      "instances": [
        {
          "schema_version": 1,
          "attributes": {
            "arn": "arn:aws:ec2:eu-west-2:803077056902:subnet/subnet-0bcbb39897b8307ff",
            "assign_ipv6_address_on_creation": false,
            "availability_zone": "eu-west-2b",
            "availability_zone_id": "euw2-az3",
            "cidr_block": "10.0.1.0/24",
            "customer_owned_ipv4_pool": "",
            "enable_dns64": false,
            "enable_resource_name_dns_a_record_on_launch": false,
            "enable_resource_name_dns_aaaa_record_on_launch": false,
            "id": "subnet-0bcbb39897b8307ff",
            "ipv6_cidr_block": "",
            "ipv6_cidr_block_association_id": "",
            "ipv6_native": false,
            "map_customer_owned_ip_on_launch": false,
            "map_public_ip_on_launch": false,
            "outpost_arn": "",
            "owner_id": "803077056902",
            "private_dns_hostname_type_on_launch": "ip-name",
            "tags": {
              "Name": "SnPub1"
            },
            "tags_all": {
              "Name": "SnPub1"
            },
            "timeouts": null,
            "vpc_id": "vpc-05dc38a2c6dbb2cca"
          },
          "sensitive_attributes": [],
          "private": "eyJlMmJmYjczMC1lY2FhLTExZTYtOGY4OC0zNDM2M2JjN2M0YzAiOnsiY3JlYXRlIjo2MDAwMDAwMDAwMDAsImRlbGV0ZSI6MTIwMDAwMDAwMDAwMH0sInNjaGVtYV92ZXJzaW9uIjoiMSJ9",
          "dependencies": [
            "aws_vpc.PAADEU2_vpc"
          ]
        }
      ]
    },
    {
      "mode": "managed",
      "type": "aws_subnet",
      "name": "SnPub2",
      "provider": "provider[\"registry.terraform.io/hashicorp/aws\"]",
      "instances": [
        {
          "schema_version": 1,
          "attributes": {
            "arn": "arn:aws:ec2:eu-west-2:803077056902:subnet/subnet-0a9726466df22c357",
            "assign_ipv6_address_on_creation": false,
            "availability_zone": "eu-west-2a",
            "availability_zone_id": "euw2-az2",
            "cidr_block": "10.0.3.0/24",
            "customer_owned_ipv4_pool": "",
            "enable_dns64": false,
            "enable_resource_name_dns_a_record_on_launch": false,
            "enable_resource_name_dns_aaaa_record_on_launch": false,
            "id": "subnet-0a9726466df22c357",
            "ipv6_cidr_block": "",
            "ipv6_cidr_block_association_id": "",
            "ipv6_native": false,
            "map_customer_owned_ip_on_launch": false,
            "map_public_ip_on_launch": false,
            "outpost_arn": "",
            "owner_id": "803077056902",
            "private_dns_hostname_type_on_launch": "ip-name",
            "tags": {
              "Name": "SnPub2"
            },
            "tags_all": {
              "Name": "SnPub2"
            },
            "timeouts": null,
            "vpc_id": "vpc-05dc38a2c6dbb2cca"
          },
          "sensitive_attributes": [],
          "private": "eyJlMmJmYjczMC1lY2FhLTExZTYtOGY4OC0zNDM2M2JjN2M0YzAiOnsiY3JlYXRlIjo2MDAwMDAwMDAwMDAsImRlbGV0ZSI6MTIwMDAwMDAwMDAwMH0sInNjaGVtYV92ZXJzaW9uIjoiMSJ9",
          "dependencies": [
            "aws_vpc.PAADEU2_vpc"
          ]
        }
      ]
    },
    {
      "mode": "managed",
      "type": "aws_vpc",
      "name": "PAADEU2_vpc",
      "provider": "provider[\"registry.terraform.io/hashicorp/aws\"]",
      "instances": [
        {
          "schema_version": 1,
          "attributes": {
            "arn": "arn:aws:ec2:eu-west-2:803077056902:vpc/vpc-05dc38a2c6dbb2cca",
            "assign_generated_ipv6_cidr_block": false,
            "cidr_block": "10.0.0.0/16",
            "default_network_acl_id": "acl-03529129a50204a2a",
            "default_route_table_id": "rtb-0eb20983119d47a0c",
            "default_security_group_id": "sg-00d92c82e5eff2c13",
            "dhcp_options_id": "dopt-0eceeeb0168d700fc",
            "enable_classiclink": false,
            "enable_classiclink_dns_support": false,
            "enable_dns_hostnames": false,
            "enable_dns_support": true,
            "enable_network_address_usage_metrics": false,
            "id": "vpc-05dc38a2c6dbb2cca",
            "instance_tenancy": "default",
            "ipv4_ipam_pool_id": null,
            "ipv4_netmask_length": null,
            "ipv6_association_id": "",
            "ipv6_cidr_block": "",
            "ipv6_cidr_block_network_border_group": "",
            "ipv6_ipam_pool_id": "",
            "ipv6_netmask_length": 0,
            "main_route_table_id": "rtb-0eb20983119d47a0c",
            "owner_id": "803077056902",
            "tags": {
              "Name": "PAADEU2_vpc"
            },
            "tags_all": {
              "Name": "PAADEU2_vpc"
            }
          },
          "sensitive_attributes": [],
          "private": "eyJzY2hlbWFfdmVyc2lvbiI6IjEifQ=="
        }
      ]
    },
    {
      "mode": "managed",
      "type": "local_file",
      "name": "PAADEU2_prv",
      "provider": "provider[\"registry.terraform.io/hashicorp/local\"]",
      "instances": [
        {
          "schema_version": 0,
          "attributes": {
            "content": "-----BEGIN RSA PRIVATE KEY-----\nMIIJKQIBAAKCAgEAx/w7xrlNh3DX0JiiISbD7XSVaQsUXADnz83N97juMAPr4Yib\nlaN6nVWUJq2O3b9A0ziaDnCO2/uqQzrsTTy7TClIj7rnhQLx9CUlFr5B03f/9PRZ\nv218p5k/HutrC/Tnb6YEx/4EOEcmuNAcMSwFQAY/fwA/NVpk5DaEGVABpZaYG/Wy\nMZ9Zk/uielxqi2EovjwwzH7zXOn2c+4liRF32DKzXMfkPAXUXBWHmflSE9dEjLRB\nodGHLU3n4IUz1fIujL52di2MEtKu/AF0NpZEoNEORSrcbP3SWf4ReIgn19WAiNKJ\nQ9/JJTmiArEhapdvn1XXaLqYlTFQvW3hGv8crlyALPEMiJfDpGYTgsaep3GyBP2j\nr4ZBz/PguZX6Myk4SRDbB+mxb3JDbxPmQszP7CFGAptz6aAVv7J5M2HoifcK1Mbf\nD25FLcV3mJXwH+og2r/UGnszGXWQN3/SCNVL+vb7r9efPtmxSf29XNaE8xrz6Yd4\nSOw4ykmEPXXrpGpxv52VQkeXObcFu+rlwhrFMzhoeWkPgwR5E8cojQbd1700kcps\nmNs+zafRqAVsvhdBCNGm50/gyhJkPU7ZS8J27oNzx6lh8IbdqUpNYf+/beTQYRSf\nevRJH8wsor4KLxFHMxSxAQx6QS+h/gmZyJYa2gP0z3qwdzY2i0gLnLUxmQ0CAwEA\nAQKCAgEAvgZ1wlmXSqg12Zb/D6MnLv3Fbt/BQ770hieXm9jUMzm2rEJDHEgPnWqQ\n8MOf6iLt9QZmlGvtwyf6XBGkMawQiMj9kt1VWrU2tPeKq3azU75Frzt0AAqIFTTv\nnnCx8dWPCC7ngiVjWxp4t8m/0BV1E6YcNZBFf2vaTGNk2CyGtBJJjN/Ep5Qz6QKF\nG+Gut6vlrAXDlLzYgCQsM3JJplm71+otNm8V9tbPN4SZqfwXOpUlJNGvP5S57pmF\nSHkpjRSnmMLuC1MyMzyQWxMCm0/j/C9JcP3OH557f1mEvlQaD+NmVBxBpAYDumRu\nBkLLbt5giTVnDrOngrQudSDwcdeRJokenOCNfjvb0zWTJbhuJ1xRz496L3w1JLFL\nqA1GmUSNwWmk0rYVSiCvaYkl8OOl/v9Qvn354ndKiaw33NrA+wleUWW4vCGQol1q\nJeeBmYBlCK86i8pi63+mZDKe1bA/o43fI2LRZO9gkoFOP3/K8tVN1XXtijwWLfSs\n2BlnNYikTLN4Ls9pKAmf0CsvRao1q9WId8z6Rm5PM8paAIYMLKwtIbH7jeusJsjX\nuAGiKrGS87+jV0R3ssZCCp7uf2SY0ewPxBgf+Lp7/osR9JI5m/YlzDtSlAq+sZie\n8Fr8XEFbpQS1r12z6yGC+VeGhboLvkjIlSwU6spIDvSGIaR6m0ECggEBAPf3Aifp\ndPptXPkCszQ6kv6y8bdwqJjNjmzEZXnibDKJO3ljMQdT/WDuUqM4U9XZimzdkpRD\n/ulmwS/sso2apahOH3YgRKLEp+RsVu/4LIbCo/LYPRUWZCQikSsjXTP220dA0vmJ\nQ3dYYnrJ+yoPG6SPkyLMQhAs6wKqhVqlp+QZX7EjB6MGX4NRw3npo4GBDQ9fSRNg\n+CV26xMz/3niKI30sIZw6LIB2bIQpL5nrqSOEdIZ2ECv/QF/bD8pInnICpKEZ9n8\nNCwKJuywE7ZiP/QF3TAOkt/LDw6LAEcxlJaHa3GHo37X800Q0sZ2Som7TEfxhI0M\nIbFycKQFzyEIprECggEBAM53NenOGKlP2nS5DbbjZ4y66IgcZYOsVWXxNjDPLhb8\nxkT9Uu+iliIMpZUmT0Cq8571S5s7im5HGUkTaU7iemmkSDYNbkb2ZV6gbr4W5Mgz\n7b+W6JS05Tl6fi7yrBP0zSYxGJ/LOLp5r3Wg0YLp1UZADR75qkht6u6Nd2heVv+v\nI3tG4M7u540SNuP4Sev8J3ZuX7cn4QecB93d+NuvHYIYBEtZUr0/bQXWhIgoIR0g\nnUdjoAlFYittMGXiuXEJAhIWPhJ6s72SaI6XDfdZpK6FDiv2G6NU+aki3a65GbKQ\nTApu+bvxRZRFFJN6p8jGeTsl5x3DnVoqQn1b5+Ld5x0CggEAGUkj/CPvXNYoI/Bl\ni87pTHW89mLTnnlfq7G/U1WGiQS7ft5hkoi7DtZesOw+iFEdr4pMtzfT18M1sghm\nENCTUf1dcfNKbHq3UDDIEMJy7+8LPulUGUFmRtULjqWVjIYAyFxQ50dbDOGDcVgF\nd72AqSBG9cZ0eifKc0QmQx8fZsA7pNmYnsQ4mzCMSXNMzBj31vh1gDdkNpXQ1O15\ngNlSH1+zXJJI+FX9+A2AbzYtdfRS1uTxy27m0u9Gf45XSKnggh5kZLM2MsN6QqqV\n6ARO1zh93LevvIh9aZM9HQVuTIdUqogVYQrucY5kn/5SDYd++NslFCkHiovL9r3s\n6EZ0kQKCAQAnXFas4huVe6G8CuNwcF33WFKoUDGSLrKBIsEgAP9aZoot8NV01dwl\nVZ/jlVAalfyn2z+0sl8rsuZBJjA3V7nalfUmSN0zLhoZNiCmoJqxCCVVFyHz56Cj\nmpSfwqfHji3mEAoPvKBt/HDUzfnjKUz9fYyC0ToDYOEe5V1USlfvmqX7BIIrMSR3\nondQcq81C/dB/rzEoBeoabieNYkR6IqJmKaI7th1N7hDGqhdhLj7YpJZX8bMvat/\nd+t4IQcVY5A/fnoK79WAWH8SX/3LoA1jL/6JpvuR4ctO0VTN0H/zqMq2Wn3FtLN9\nFsZbb1C5WA0Yl5s982L2I4RVfcXxXDiJAoIBAQDbv0TLPMUSUhKdMccbKkmja9xs\n5ezI2pjTVSas6rqyyGxJIc1p/KQZ9zepupvsma3jgsyweIbTeizf8uec6xeonydv\nzzLc/E8nlsLpoo3NUfPbh+4uIMWLRIJqdgqvQPh+EzKf8R1FfmqrED6yFqxTJ9+K\nACwWiOYfSCaLJmQVoEZzk9E59yPTJ9z20XDNykvPUjqa2+47xVD5coJiUHxCqwoX\nwcg90xoPpFF+MrfXgVo/yYI0oSsulSK+Qf/dvmV1IeI/QPh56SzZqabCCze4VLRy\n/aMchtbn8XeYRIk18AsGFJzKTi/X9IwtPMoGVxH2OaRmN+YeKNf1LMhCMFD5\n-----END RSA PRIVATE KEY-----\n",
            "content_base64": null,
            "directory_permission": "0777",
            "file_permission": "0777",
            "filename": "PAADEU2_prv",
            "id": "4d9d68f523f6fa2e3b5e37ad6274240003ccbb04",
            "sensitive_content": null,
            "source": null
          },
          "sensitive_attributes": [
            [
              {
                "type": "get_attr",
                "value": "content"
              }
            ]
          ],
          "private": "bnVsbA==",
          "dependencies": [
            "tls_private_key.PAADEU2_key"
          ]
        }
      ]
    },
    {
      "mode": "managed",
      "type": "tls_private_key",
      "name": "PAADEU2_key",
      "provider": "provider[\"registry.terraform.io/hashicorp/tls\"]",
      "instances": [
        {
          "schema_version": 1,
          "attributes": {
            "algorithm": "RSA",
            "ecdsa_curve": "P224",
            "id": "cc3f168daec154877fa4d90ddd55e85aaa6ca802",
            "private_key_openssh": "-----BEGIN OPENSSH PRIVATE KEY-----\nb3BlbnNzaC1rZXktdjEAAAAABG5vbmUAAAAEbm9uZQAAAAAAAAABAAACFwAAAAdz\nc2gtcnNhAAAAAwEAAQAAAgEAx/w7xrlNh3DX0JiiISbD7XSVaQsUXADnz83N97ju\nMAPr4YiblaN6nVWUJq2O3b9A0ziaDnCO2/uqQzrsTTy7TClIj7rnhQLx9CUlFr5B\n03f/9PRZv218p5k/HutrC/Tnb6YEx/4EOEcmuNAcMSwFQAY/fwA/NVpk5DaEGVAB\npZaYG/WyMZ9Zk/uielxqi2EovjwwzH7zXOn2c+4liRF32DKzXMfkPAXUXBWHmflS\nE9dEjLRBodGHLU3n4IUz1fIujL52di2MEtKu/AF0NpZEoNEORSrcbP3SWf4ReIgn\n19WAiNKJQ9/JJTmiArEhapdvn1XXaLqYlTFQvW3hGv8crlyALPEMiJfDpGYTgsae\np3GyBP2jr4ZBz/PguZX6Myk4SRDbB+mxb3JDbxPmQszP7CFGAptz6aAVv7J5M2Ho\nifcK1MbfD25FLcV3mJXwH+og2r/UGnszGXWQN3/SCNVL+vb7r9efPtmxSf29XNaE\n8xrz6Yd4SOw4ykmEPXXrpGpxv52VQkeXObcFu+rlwhrFMzhoeWkPgwR5E8cojQbd\n1700kcpsmNs+zafRqAVsvhdBCNGm50/gyhJkPU7ZS8J27oNzx6lh8IbdqUpNYf+/\nbeTQYRSfevRJH8wsor4KLxFHMxSxAQx6QS+h/gmZyJYa2gP0z3qwdzY2i0gLnLUx\nmQ0AAAc4KG+9GihvvRoAAAAHc3NoLXJzYQAAAgEAx/w7xrlNh3DX0JiiISbD7XSV\naQsUXADnz83N97juMAPr4YiblaN6nVWUJq2O3b9A0ziaDnCO2/uqQzrsTTy7TClI\nj7rnhQLx9CUlFr5B03f/9PRZv218p5k/HutrC/Tnb6YEx/4EOEcmuNAcMSwFQAY/\nfwA/NVpk5DaEGVABpZaYG/WyMZ9Zk/uielxqi2EovjwwzH7zXOn2c+4liRF32DKz\nXMfkPAXUXBWHmflSE9dEjLRBodGHLU3n4IUz1fIujL52di2MEtKu/AF0NpZEoNEO\nRSrcbP3SWf4ReIgn19WAiNKJQ9/JJTmiArEhapdvn1XXaLqYlTFQvW3hGv8crlyA\nLPEMiJfDpGYTgsaep3GyBP2jr4ZBz/PguZX6Myk4SRDbB+mxb3JDbxPmQszP7CFG\nAptz6aAVv7J5M2HoifcK1MbfD25FLcV3mJXwH+og2r/UGnszGXWQN3/SCNVL+vb7\nr9efPtmxSf29XNaE8xrz6Yd4SOw4ykmEPXXrpGpxv52VQkeXObcFu+rlwhrFMzho\neWkPgwR5E8cojQbd1700kcpsmNs+zafRqAVsvhdBCNGm50/gyhJkPU7ZS8J27oNz\nx6lh8IbdqUpNYf+/beTQYRSfevRJH8wsor4KLxFHMxSxAQx6QS+h/gmZyJYa2gP0\nz3qwdzY2i0gLnLUxmQ0AAAADAQABAAACAQC+BnXCWZdKqDXZlv8Poycu/cVu38FD\nvvSGJ5eb2NQzObasQkMcSA+dapDww5/qIu31BmaUa+3DJ/pcEaQxrBCIyP2S3VVa\ntTa094qrdrNTvkWvO3QACogVNO+ecLHx1Y8ILueCJWNbGni3yb/QFXUTphw1kEV/\na9pMY2TYLIa0EkmM38SnlDPpAoUb4a63q+WsBcOUvNiAJCwzckmmWbvX6i02bxX2\n1s83hJmp/Bc6lSUk0a8/lLnumYVIeSmNFKeYwu4LUzIzPJBbEwKbT+P8L0lw/c4f\nnnt/WYS+VBoP42ZUHEGkBgO6ZG4GQstu3mCJNWcOs6eCtC51IPBx15EmiR6c4I1+\nO9vTNZMluG4nXFHPj3ovfDUksUuoDUaZRI3BaaTSthVKIK9piSXw46X+/1C+ffni\nd0qJrDfc2sD7CV5RZbi8IZCiXWol54GZgGUIrzqLymLrf6ZkMp7VsD+jjd8jYtFk\n72CSgU4/f8ry1U3Vde2KPBYt9KzYGWc1iKRMs3guz2koCZ/QKy9FqjWr1Yh3zPpG\nbk8zyloAhgwsrC0hsfuN66wmyNe4AaIqsZLzv6NXRHeyxkIKnu5/ZJjR7A/EGB/4\nunv+ixH0kjmb9iXMO1KUCr6xmJ7wWvxcQVulBLWvXbPrIYL5V4aFugu+SMiVLBTq\nykgO9IYhpHqbQQAAAQEA279EyzzFElISnTHHGypJo2vcbOXsyNqY01UmrOq6sshs\nSSHNafykGfc3qbqb7Jmt44LMsHiG03os3/LnnOsXqJ8nb88y3PxPJ5bC6aKNzVHz\n24fuLiDFi0SCanYKr0D4fhMyn/EdRX5qqxA+shasUyffigAsFojmH0gmiyZkFaBG\nc5PROfcj0yfc9tFwzcpLz1I6mtvuO8VQ+XKCYlB8QqsKF8HIPdMaD6RRfjK314Fa\nP8mCNKErLpUivkH/3b5ldSHiP0D4eeks2ammwgs3uFS0cv2jHIbW5/F3mESJNfAL\nBhScyk4v1/SMLTzKBlcR9jmkZjfmHijX9SzIQjBQ+QAAAQEA9/cCJ+l0+m1c+QKz\nNDqS/rLxt3ComM2ObMRleeJsMok7eWMxB1P9YO5SozhT1dmKbN2SlEP+6WbBL+yy\njZqlqE4fdiBEosSn5GxW7/gshsKj8tg9FRZkJCKRKyNdM/bbR0DS+YlDd1hiesn7\nKg8bpI+TIsxCECzrAqqFWqWn5BlfsSMHowZfg1HDeemjgYEND19JE2D4JXbrEzP/\neeIojfSwhnDosgHZshCkvmeupI4R0hnYQK/9AX9sPykiecgKkoRn2fw0LAom7LAT\ntmI/9AXdMA6S38sPDosARzGUlodrcYejftfzTRDSxnZKibtMR/GEjQwhsXJwpAXP\nIQimsQAAAQEAznc16c4YqU/adLkNtuNnjLroiBxlg6xVZfE2MM8uFvzGRP1S76KW\nIgyllSZPQKrznvVLmzuKbkcZSRNpTuJ6aaRINg1uRvZlXqBuvhbkyDPtv5bolLTl\nOXp+LvKsE/TNJjEYn8s4unmvdaDRgunVRkANHvmqSG3q7o13aF5W/68je0bgzu7n\njRI24/hJ6/wndm5ftyfhB5wH3d34268dghgES1lSvT9tBdaEiCghHSCdR2OgCUVi\nK20wZeK5cQkCEhY+EnqzvZJojpcN91mkroUOK/Ybo1T5qSLdrrkZspBMCm75u/FF\nlEUUk3qnyMZ5OyXnHcOdWipCfVvn4t3nHQAAAAAB\n-----END OPENSSH PRIVATE KEY-----\n",
            "private_key_pem": "-----BEGIN RSA PRIVATE KEY-----\nMIIJKQIBAAKCAgEAx/w7xrlNh3DX0JiiISbD7XSVaQsUXADnz83N97juMAPr4Yib\nlaN6nVWUJq2O3b9A0ziaDnCO2/uqQzrsTTy7TClIj7rnhQLx9CUlFr5B03f/9PRZ\nv218p5k/HutrC/Tnb6YEx/4EOEcmuNAcMSwFQAY/fwA/NVpk5DaEGVABpZaYG/Wy\nMZ9Zk/uielxqi2EovjwwzH7zXOn2c+4liRF32DKzXMfkPAXUXBWHmflSE9dEjLRB\nodGHLU3n4IUz1fIujL52di2MEtKu/AF0NpZEoNEORSrcbP3SWf4ReIgn19WAiNKJ\nQ9/JJTmiArEhapdvn1XXaLqYlTFQvW3hGv8crlyALPEMiJfDpGYTgsaep3GyBP2j\nr4ZBz/PguZX6Myk4SRDbB+mxb3JDbxPmQszP7CFGAptz6aAVv7J5M2HoifcK1Mbf\nD25FLcV3mJXwH+og2r/UGnszGXWQN3/SCNVL+vb7r9efPtmxSf29XNaE8xrz6Yd4\nSOw4ykmEPXXrpGpxv52VQkeXObcFu+rlwhrFMzhoeWkPgwR5E8cojQbd1700kcps\nmNs+zafRqAVsvhdBCNGm50/gyhJkPU7ZS8J27oNzx6lh8IbdqUpNYf+/beTQYRSf\nevRJH8wsor4KLxFHMxSxAQx6QS+h/gmZyJYa2gP0z3qwdzY2i0gLnLUxmQ0CAwEA\nAQKCAgEAvgZ1wlmXSqg12Zb/D6MnLv3Fbt/BQ770hieXm9jUMzm2rEJDHEgPnWqQ\n8MOf6iLt9QZmlGvtwyf6XBGkMawQiMj9kt1VWrU2tPeKq3azU75Frzt0AAqIFTTv\nnnCx8dWPCC7ngiVjWxp4t8m/0BV1E6YcNZBFf2vaTGNk2CyGtBJJjN/Ep5Qz6QKF\nG+Gut6vlrAXDlLzYgCQsM3JJplm71+otNm8V9tbPN4SZqfwXOpUlJNGvP5S57pmF\nSHkpjRSnmMLuC1MyMzyQWxMCm0/j/C9JcP3OH557f1mEvlQaD+NmVBxBpAYDumRu\nBkLLbt5giTVnDrOngrQudSDwcdeRJokenOCNfjvb0zWTJbhuJ1xRz496L3w1JLFL\nqA1GmUSNwWmk0rYVSiCvaYkl8OOl/v9Qvn354ndKiaw33NrA+wleUWW4vCGQol1q\nJeeBmYBlCK86i8pi63+mZDKe1bA/o43fI2LRZO9gkoFOP3/K8tVN1XXtijwWLfSs\n2BlnNYikTLN4Ls9pKAmf0CsvRao1q9WId8z6Rm5PM8paAIYMLKwtIbH7jeusJsjX\nuAGiKrGS87+jV0R3ssZCCp7uf2SY0ewPxBgf+Lp7/osR9JI5m/YlzDtSlAq+sZie\n8Fr8XEFbpQS1r12z6yGC+VeGhboLvkjIlSwU6spIDvSGIaR6m0ECggEBAPf3Aifp\ndPptXPkCszQ6kv6y8bdwqJjNjmzEZXnibDKJO3ljMQdT/WDuUqM4U9XZimzdkpRD\n/ulmwS/sso2apahOH3YgRKLEp+RsVu/4LIbCo/LYPRUWZCQikSsjXTP220dA0vmJ\nQ3dYYnrJ+yoPG6SPkyLMQhAs6wKqhVqlp+QZX7EjB6MGX4NRw3npo4GBDQ9fSRNg\n+CV26xMz/3niKI30sIZw6LIB2bIQpL5nrqSOEdIZ2ECv/QF/bD8pInnICpKEZ9n8\nNCwKJuywE7ZiP/QF3TAOkt/LDw6LAEcxlJaHa3GHo37X800Q0sZ2Som7TEfxhI0M\nIbFycKQFzyEIprECggEBAM53NenOGKlP2nS5DbbjZ4y66IgcZYOsVWXxNjDPLhb8\nxkT9Uu+iliIMpZUmT0Cq8571S5s7im5HGUkTaU7iemmkSDYNbkb2ZV6gbr4W5Mgz\n7b+W6JS05Tl6fi7yrBP0zSYxGJ/LOLp5r3Wg0YLp1UZADR75qkht6u6Nd2heVv+v\nI3tG4M7u540SNuP4Sev8J3ZuX7cn4QecB93d+NuvHYIYBEtZUr0/bQXWhIgoIR0g\nnUdjoAlFYittMGXiuXEJAhIWPhJ6s72SaI6XDfdZpK6FDiv2G6NU+aki3a65GbKQ\nTApu+bvxRZRFFJN6p8jGeTsl5x3DnVoqQn1b5+Ld5x0CggEAGUkj/CPvXNYoI/Bl\ni87pTHW89mLTnnlfq7G/U1WGiQS7ft5hkoi7DtZesOw+iFEdr4pMtzfT18M1sghm\nENCTUf1dcfNKbHq3UDDIEMJy7+8LPulUGUFmRtULjqWVjIYAyFxQ50dbDOGDcVgF\nd72AqSBG9cZ0eifKc0QmQx8fZsA7pNmYnsQ4mzCMSXNMzBj31vh1gDdkNpXQ1O15\ngNlSH1+zXJJI+FX9+A2AbzYtdfRS1uTxy27m0u9Gf45XSKnggh5kZLM2MsN6QqqV\n6ARO1zh93LevvIh9aZM9HQVuTIdUqogVYQrucY5kn/5SDYd++NslFCkHiovL9r3s\n6EZ0kQKCAQAnXFas4huVe6G8CuNwcF33WFKoUDGSLrKBIsEgAP9aZoot8NV01dwl\nVZ/jlVAalfyn2z+0sl8rsuZBJjA3V7nalfUmSN0zLhoZNiCmoJqxCCVVFyHz56Cj\nmpSfwqfHji3mEAoPvKBt/HDUzfnjKUz9fYyC0ToDYOEe5V1USlfvmqX7BIIrMSR3\nondQcq81C/dB/rzEoBeoabieNYkR6IqJmKaI7th1N7hDGqhdhLj7YpJZX8bMvat/\nd+t4IQcVY5A/fnoK79WAWH8SX/3LoA1jL/6JpvuR4ctO0VTN0H/zqMq2Wn3FtLN9\nFsZbb1C5WA0Yl5s982L2I4RVfcXxXDiJAoIBAQDbv0TLPMUSUhKdMccbKkmja9xs\n5ezI2pjTVSas6rqyyGxJIc1p/KQZ9zepupvsma3jgsyweIbTeizf8uec6xeonydv\nzzLc/E8nlsLpoo3NUfPbh+4uIMWLRIJqdgqvQPh+EzKf8R1FfmqrED6yFqxTJ9+K\nACwWiOYfSCaLJmQVoEZzk9E59yPTJ9z20XDNykvPUjqa2+47xVD5coJiUHxCqwoX\nwcg90xoPpFF+MrfXgVo/yYI0oSsulSK+Qf/dvmV1IeI/QPh56SzZqabCCze4VLRy\n/aMchtbn8XeYRIk18AsGFJzKTi/X9IwtPMoGVxH2OaRmN+YeKNf1LMhCMFD5\n-----END RSA PRIVATE KEY-----\n",
            "private_key_pem_pkcs8": "-----BEGIN PRIVATE KEY-----\nMIIJQwIBADANBgkqhkiG9w0BAQEFAASCCS0wggkpAgEAAoICAQDH/DvGuU2HcNfQ\nmKIhJsPtdJVpCxRcAOfPzc33uO4wA+vhiJuVo3qdVZQmrY7dv0DTOJoOcI7b+6pD\nOuxNPLtMKUiPuueFAvH0JSUWvkHTd//09Fm/bXynmT8e62sL9OdvpgTH/gQ4Rya4\n0BwxLAVABj9/AD81WmTkNoQZUAGllpgb9bIxn1mT+6J6XGqLYSi+PDDMfvNc6fZz\n7iWJEXfYMrNcx+Q8BdRcFYeZ+VIT10SMtEGh0YctTefghTPV8i6MvnZ2LYwS0q78\nAXQ2lkSg0Q5FKtxs/dJZ/hF4iCfX1YCI0olD38klOaICsSFql2+fVddoupiVMVC9\nbeEa/xyuXIAs8QyIl8OkZhOCxp6ncbIE/aOvhkHP8+C5lfozKThJENsH6bFvckNv\nE+ZCzM/sIUYCm3PpoBW/snkzYeiJ9wrUxt8PbkUtxXeYlfAf6iDav9QaezMZdZA3\nf9II1Uv69vuv158+2bFJ/b1c1oTzGvPph3hI7DjKSYQ9deukanG/nZVCR5c5twW7\n6uXCGsUzOGh5aQ+DBHkTxyiNBt3XvTSRymyY2z7Np9GoBWy+F0EI0abnT+DKEmQ9\nTtlLwnbug3PHqWHwht2pSk1h/79t5NBhFJ969EkfzCyivgovEUczFLEBDHpBL6H+\nCZnIlhraA/TPerB3NjaLSAuctTGZDQIDAQABAoICAQC+BnXCWZdKqDXZlv8Poycu\n/cVu38FDvvSGJ5eb2NQzObasQkMcSA+dapDww5/qIu31BmaUa+3DJ/pcEaQxrBCI\nyP2S3VVatTa094qrdrNTvkWvO3QACogVNO+ecLHx1Y8ILueCJWNbGni3yb/QFXUT\nphw1kEV/a9pMY2TYLIa0EkmM38SnlDPpAoUb4a63q+WsBcOUvNiAJCwzckmmWbvX\n6i02bxX21s83hJmp/Bc6lSUk0a8/lLnumYVIeSmNFKeYwu4LUzIzPJBbEwKbT+P8\nL0lw/c4fnnt/WYS+VBoP42ZUHEGkBgO6ZG4GQstu3mCJNWcOs6eCtC51IPBx15Em\niR6c4I1+O9vTNZMluG4nXFHPj3ovfDUksUuoDUaZRI3BaaTSthVKIK9piSXw46X+\n/1C+ffnid0qJrDfc2sD7CV5RZbi8IZCiXWol54GZgGUIrzqLymLrf6ZkMp7VsD+j\njd8jYtFk72CSgU4/f8ry1U3Vde2KPBYt9KzYGWc1iKRMs3guz2koCZ/QKy9FqjWr\n1Yh3zPpGbk8zyloAhgwsrC0hsfuN66wmyNe4AaIqsZLzv6NXRHeyxkIKnu5/ZJjR\n7A/EGB/4unv+ixH0kjmb9iXMO1KUCr6xmJ7wWvxcQVulBLWvXbPrIYL5V4aFugu+\nSMiVLBTqykgO9IYhpHqbQQKCAQEA9/cCJ+l0+m1c+QKzNDqS/rLxt3ComM2ObMRl\neeJsMok7eWMxB1P9YO5SozhT1dmKbN2SlEP+6WbBL+yyjZqlqE4fdiBEosSn5GxW\n7/gshsKj8tg9FRZkJCKRKyNdM/bbR0DS+YlDd1hiesn7Kg8bpI+TIsxCECzrAqqF\nWqWn5BlfsSMHowZfg1HDeemjgYEND19JE2D4JXbrEzP/eeIojfSwhnDosgHZshCk\nvmeupI4R0hnYQK/9AX9sPykiecgKkoRn2fw0LAom7LATtmI/9AXdMA6S38sPDosA\nRzGUlodrcYejftfzTRDSxnZKibtMR/GEjQwhsXJwpAXPIQimsQKCAQEAznc16c4Y\nqU/adLkNtuNnjLroiBxlg6xVZfE2MM8uFvzGRP1S76KWIgyllSZPQKrznvVLmzuK\nbkcZSRNpTuJ6aaRINg1uRvZlXqBuvhbkyDPtv5bolLTlOXp+LvKsE/TNJjEYn8s4\nunmvdaDRgunVRkANHvmqSG3q7o13aF5W/68je0bgzu7njRI24/hJ6/wndm5ftyfh\nB5wH3d34268dghgES1lSvT9tBdaEiCghHSCdR2OgCUViK20wZeK5cQkCEhY+Enqz\nvZJojpcN91mkroUOK/Ybo1T5qSLdrrkZspBMCm75u/FFlEUUk3qnyMZ5OyXnHcOd\nWipCfVvn4t3nHQKCAQAZSSP8I+9c1igj8GWLzulMdbz2YtOeeV+rsb9TVYaJBLt+\n3mGSiLsO1l6w7D6IUR2viky3N9PXwzWyCGYQ0JNR/V1x80pserdQMMgQwnLv7ws+\n6VQZQWZG1QuOpZWMhgDIXFDnR1sM4YNxWAV3vYCpIEb1xnR6J8pzRCZDHx9mwDuk\n2ZiexDibMIxJc0zMGPfW+HWAN2Q2ldDU7XmA2VIfX7Nckkj4Vf34DYBvNi119FLW\n5PHLbubS70Z/jldIqeCCHmRkszYyw3pCqpXoBE7XOH3ct6+8iH1pkz0dBW5Mh1Sq\niBVhCu5xjmSf/lINh3742yUUKQeKi8v2vezoRnSRAoIBACdcVqziG5V7obwK43Bw\nXfdYUqhQMZIusoEiwSAA/1pmii3w1XTV3CVVn+OVUBqV/KfbP7SyXyuy5kEmMDdX\nudqV9SZI3TMuGhk2IKagmrEIJVUXIfPnoKOalJ/Cp8eOLeYQCg+8oG38cNTN+eMp\nTP19jILROgNg4R7lXVRKV++apfsEgisxJHeid1ByrzUL90H+vMSgF6hpuJ41iRHo\niomYpoju2HU3uEMaqF2EuPtikllfxsy9q39363ghBxVjkD9+egrv1YBYfxJf/cug\nDWMv/omm+5Hhy07RVM3Qf/OoyrZafcW0s30WxltvULlYDRiXmz3zYvYjhFV9xfFc\nOIkCggEBANu/RMs8xRJSEp0xxxsqSaNr3Gzl7MjamNNVJqzqurLIbEkhzWn8pBn3\nN6m6m+yZreOCzLB4htN6LN/y55zrF6ifJ2/PMtz8TyeWwumijc1R89uH7i4gxYtE\ngmp2Cq9A+H4TMp/xHUV+aqsQPrIWrFMn34oALBaI5h9IJosmZBWgRnOT0Tn3I9Mn\n3PbRcM3KS89SOprb7jvFUPlygmJQfEKrChfByD3TGg+kUX4yt9eBWj/JgjShKy6V\nIr5B/92+ZXUh4j9A+HnpLNmppsILN7hUtHL9oxyG1ufxd5hEiTXwCwYUnMpOL9f0\njC08ygZXEfY5pGY35h4o1/UsyEIwUPk=\n-----END PRIVATE KEY-----\n",
            "public_key_fingerprint_md5": "96:9d:e0:9a:f3:e2:b7:d2:71:37:01:40:84:b3:76:9e",
            "public_key_fingerprint_sha256": "SHA256:0dYhjY5CyAtKG5HK4SMFO/LpDbeVKZFBZAYZDvAKhYY",
            "public_key_openssh": "ssh-rsa AAAAB3NzaC1yc2EAAAADAQABAAACAQDH/DvGuU2HcNfQmKIhJsPtdJVpCxRcAOfPzc33uO4wA+vhiJuVo3qdVZQmrY7dv0DTOJoOcI7b+6pDOuxNPLtMKUiPuueFAvH0JSUWvkHTd//09Fm/bXynmT8e62sL9OdvpgTH/gQ4Rya40BwxLAVABj9/AD81WmTkNoQZUAGllpgb9bIxn1mT+6J6XGqLYSi+PDDMfvNc6fZz7iWJEXfYMrNcx+Q8BdRcFYeZ+VIT10SMtEGh0YctTefghTPV8i6MvnZ2LYwS0q78AXQ2lkSg0Q5FKtxs/dJZ/hF4iCfX1YCI0olD38klOaICsSFql2+fVddoupiVMVC9beEa/xyuXIAs8QyIl8OkZhOCxp6ncbIE/aOvhkHP8+C5lfozKThJENsH6bFvckNvE+ZCzM/sIUYCm3PpoBW/snkzYeiJ9wrUxt8PbkUtxXeYlfAf6iDav9QaezMZdZA3f9II1Uv69vuv158+2bFJ/b1c1oTzGvPph3hI7DjKSYQ9deukanG/nZVCR5c5twW76uXCGsUzOGh5aQ+DBHkTxyiNBt3XvTSRymyY2z7Np9GoBWy+F0EI0abnT+DKEmQ9TtlLwnbug3PHqWHwht2pSk1h/79t5NBhFJ969EkfzCyivgovEUczFLEBDHpBL6H+CZnIlhraA/TPerB3NjaLSAuctTGZDQ==\n",
            "public_key_pem": "-----BEGIN PUBLIC KEY-----\nMIICIjANBgkqhkiG9w0BAQEFAAOCAg8AMIICCgKCAgEAx/w7xrlNh3DX0JiiISbD\n7XSVaQsUXADnz83N97juMAPr4YiblaN6nVWUJq2O3b9A0ziaDnCO2/uqQzrsTTy7\nTClIj7rnhQLx9CUlFr5B03f/9PRZv218p5k/HutrC/Tnb6YEx/4EOEcmuNAcMSwF\nQAY/fwA/NVpk5DaEGVABpZaYG/WyMZ9Zk/uielxqi2EovjwwzH7zXOn2c+4liRF3\n2DKzXMfkPAXUXBWHmflSE9dEjLRBodGHLU3n4IUz1fIujL52di2MEtKu/AF0NpZE\noNEORSrcbP3SWf4ReIgn19WAiNKJQ9/JJTmiArEhapdvn1XXaLqYlTFQvW3hGv8c\nrlyALPEMiJfDpGYTgsaep3GyBP2jr4ZBz/PguZX6Myk4SRDbB+mxb3JDbxPmQszP\n7CFGAptz6aAVv7J5M2HoifcK1MbfD25FLcV3mJXwH+og2r/UGnszGXWQN3/SCNVL\n+vb7r9efPtmxSf29XNaE8xrz6Yd4SOw4ykmEPXXrpGpxv52VQkeXObcFu+rlwhrF\nMzhoeWkPgwR5E8cojQbd1700kcpsmNs+zafRqAVsvhdBCNGm50/gyhJkPU7ZS8J2\n7oNzx6lh8IbdqUpNYf+/beTQYRSfevRJH8wsor4KLxFHMxSxAQx6QS+h/gmZyJYa\n2gP0z3qwdzY2i0gLnLUxmQ0CAwEAAQ==\n-----END PUBLIC KEY-----\n",
            "rsa_bits": 4096
          },
          "sensitive_attributes": []
        }
      ]
    }
  ]
}
